// !$*UTF8*$!
{
	archiveVersion = 1;
	classes = {
	};
	objectVersion = 46;
	objects = {

/* Begin PBXBuildFile section */
		1EABF8C61AB5E36000794CE3 /* background-img.png in Resources */ = {isa = PBXBuildFile; fileRef = 1EABF8B71AB5E36000794CE3 /* background-img.png */; };
		1EABF8C71AB5E36000794CE3 /* background-img@2x.png in Resources */ = {isa = PBXBuildFile; fileRef = 1EABF8B81AB5E36000794CE3 /* background-img@2x.png */; };
		1EABF8C81AB5E36000794CE3 /* background-img@3x.png in Resources */ = {isa = PBXBuildFile; fileRef = 1EABF8B91AB5E36000794CE3 /* background-img@3x.png */; };
		1EABF8C91AB5E36000794CE3 /* check-off.png in Resources */ = {isa = PBXBuildFile; fileRef = 1EABF8BA1AB5E36000794CE3 /* check-off.png */; };
		1EABF8CA1AB5E36000794CE3 /* check-off@2x.png in Resources */ = {isa = PBXBuildFile; fileRef = 1EABF8BB1AB5E36000794CE3 /* check-off@2x.png */; };
		1EABF8CB1AB5E36000794CE3 /* check-off@3x.png in Resources */ = {isa = PBXBuildFile; fileRef = 1EABF8BC1AB5E36000794CE3 /* check-off@3x.png */; };
		1EABF8CC1AB5E36000794CE3 /* check-on.png in Resources */ = {isa = PBXBuildFile; fileRef = 1EABF8BD1AB5E36000794CE3 /* check-on.png */; };
		1EABF8CD1AB5E36000794CE3 /* check-on@2x.png in Resources */ = {isa = PBXBuildFile; fileRef = 1EABF8BE1AB5E36000794CE3 /* check-on@2x.png */; };
		1EABF8CE1AB5E36000794CE3 /* check-on@3x.png in Resources */ = {isa = PBXBuildFile; fileRef = 1EABF8BF1AB5E36000794CE3 /* check-on@3x.png */; };
		1EABF8CF1AB5E36000794CE3 /* log-button.png in Resources */ = {isa = PBXBuildFile; fileRef = 1EABF8C01AB5E36000794CE3 /* log-button.png */; };
		1EABF8D01AB5E36000794CE3 /* log-button@2x.png in Resources */ = {isa = PBXBuildFile; fileRef = 1EABF8C11AB5E36000794CE3 /* log-button@2x.png */; };
		1EABF8D11AB5E36000794CE3 /* log-button@3x.png in Resources */ = {isa = PBXBuildFile; fileRef = 1EABF8C21AB5E36000794CE3 /* log-button@3x.png */; };
		1EABF8D21AB5E36000794CE3 /* text-back.png in Resources */ = {isa = PBXBuildFile; fileRef = 1EABF8C31AB5E36000794CE3 /* text-back.png */; };
		1EABF8D31AB5E36000794CE3 /* text-back@2x.png in Resources */ = {isa = PBXBuildFile; fileRef = 1EABF8C41AB5E36000794CE3 /* text-back@2x.png */; };
		1EABF8D41AB5E36000794CE3 /* text-back@3x.png in Resources */ = {isa = PBXBuildFile; fileRef = 1EABF8C51AB5E36000794CE3 /* text-back@3x.png */; };
		1EABF8DF1ABC82FF00794CE3 /* blank-button.png in Resources */ = {isa = PBXBuildFile; fileRef = 1EABF8DC1ABC82FF00794CE3 /* blank-button.png */; };
		1EABF8E01ABC82FF00794CE3 /* blank-button@2x.png in Resources */ = {isa = PBXBuildFile; fileRef = 1EABF8DD1ABC82FF00794CE3 /* blank-button@2x.png */; };
		1EABF8E11ABC82FF00794CE3 /* blank-button@3x.png in Resources */ = {isa = PBXBuildFile; fileRef = 1EABF8DE1ABC82FF00794CE3 /* blank-button@3x.png */; };
		1EABF8E51ABC846E00794CE3 /* heart-icon.png in Resources */ = {isa = PBXBuildFile; fileRef = 1EABF8E21ABC846E00794CE3 /* heart-icon.png */; };
		1EABF8E61ABC846E00794CE3 /* heart-icon@2x.png in Resources */ = {isa = PBXBuildFile; fileRef = 1EABF8E31ABC846E00794CE3 /* heart-icon@2x.png */; };
		1EABF8E71ABC846E00794CE3 /* heart-icon@3x.png in Resources */ = {isa = PBXBuildFile; fileRef = 1EABF8E41ABC846E00794CE3 /* heart-icon@3x.png */; };
		1EABF8EA1ABC861900794CE3 /* AboutViewController.m in Sources */ = {isa = PBXBuildFile; fileRef = 1EABF8E91ABC861900794CE3 /* AboutViewController.m */; };
		1EABF8EE1ABC863E00794CE3 /* about-img.png in Resources */ = {isa = PBXBuildFile; fileRef = 1EABF8EB1ABC863E00794CE3 /* about-img.png */; };
		1EABF8EF1ABC863E00794CE3 /* about-img@2x.png in Resources */ = {isa = PBXBuildFile; fileRef = 1EABF8EC1ABC863E00794CE3 /* about-img@2x.png */; };
		1EABF8F01ABC863E00794CE3 /* about-img@3x.png in Resources */ = {isa = PBXBuildFile; fileRef = 1EABF8ED1ABC863E00794CE3 /* about-img@3x.png */; };
		1EABF8F41ABC887000794CE3 /* app-icon.png in Resources */ = {isa = PBXBuildFile; fileRef = 1EABF8F11ABC887000794CE3 /* app-icon.png */; };
		1EABF8F51ABC887000794CE3 /* app-icon@2x.png in Resources */ = {isa = PBXBuildFile; fileRef = 1EABF8F21ABC887000794CE3 /* app-icon@2x.png */; };
		1EABF8F61ABC887000794CE3 /* app-icon@3x.png in Resources */ = {isa = PBXBuildFile; fileRef = 1EABF8F31ABC887000794CE3 /* app-icon@3x.png */; };
		1EABF8FA1ABC8BF400794CE3 /* user-pic.png in Resources */ = {isa = PBXBuildFile; fileRef = 1EABF8F71ABC8BF400794CE3 /* user-pic.png */; };
		1EABF8FB1ABC8BF400794CE3 /* user-pic@2x.png in Resources */ = {isa = PBXBuildFile; fileRef = 1EABF8F81ABC8BF400794CE3 /* user-pic@2x.png */; };
		1EABF8FC1ABC8BF400794CE3 /* user-pic@3x.png in Resources */ = {isa = PBXBuildFile; fileRef = 1EABF8F91ABC8BF400794CE3 /* user-pic@3x.png */; };
		1EABF8FF1ABDAEDA00794CE3 /* SearchViewController.m in Sources */ = {isa = PBXBuildFile; fileRef = 1EABF8FE1ABDAEDA00794CE3 /* SearchViewController.m */; };
		1EABF9011ABDC58C00794CE3 /* select-img.png in Resources */ = {isa = PBXBuildFile; fileRef = 1EABF9001ABDC58C00794CE3 /* select-img.png */; };
		1EABF9051ABDD78F00794CE3 /* close-back-b.png in Resources */ = {isa = PBXBuildFile; fileRef = 1EABF9021ABDD78F00794CE3 /* close-back-b.png */; };
		1EABF9061ABDD78F00794CE3 /* close-back-b@2x.png in Resources */ = {isa = PBXBuildFile; fileRef = 1EABF9031ABDD78F00794CE3 /* close-back-b@2x.png */; };
		1EABF9071ABDD78F00794CE3 /* close-back-b@3x.png in Resources */ = {isa = PBXBuildFile; fileRef = 1EABF9041ABDD78F00794CE3 /* close-back-b@3x.png */; };
		E80B39331AAC1589005E7C01 /* LoginScreenViewController.m in Sources */ = {isa = PBXBuildFile; fileRef = E80B39321AAC1589005E7C01 /* LoginScreenViewController.m */; };
		E80B39361AAC2070005E7C01 /* MBProgressHUD.m in Sources */ = {isa = PBXBuildFile; fileRef = E80B39351AAC2070005E7C01 /* MBProgressHUD.m */; };
		E80B393A1AAC20F6005E7C01 /* Reachability.m in Sources */ = {isa = PBXBuildFile; fileRef = E80B39391AAC20F6005E7C01 /* Reachability.m */; };
		E80B393F1AAC2153005E7C01 /* OLGhostAlertView.m in Sources */ = {isa = PBXBuildFile; fileRef = E80B393C1AAC2153005E7C01 /* OLGhostAlertView.m */; };
		E80B39401AAC2153005E7C01 /* UIView+Toast.m in Sources */ = {isa = PBXBuildFile; fileRef = E80B393E1AAC2153005E7C01 /* UIView+Toast.m */; };
		E80B39421AAC220B005E7C01 /* QuartzCore.framework in Frameworks */ = {isa = PBXBuildFile; fileRef = E80B39411AAC220B005E7C01 /* QuartzCore.framework */; };
		E80B39551AAC24E1005E7C01 /* MZLoadingCircle.m in Sources */ = {isa = PBXBuildFile; fileRef = E80B39541AAC24E1005E7C01 /* MZLoadingCircle.m */; };
		E80B39581AAC3E77005E7C01 /* RegisterViewController.m in Sources */ = {isa = PBXBuildFile; fileRef = E80B39571AAC3E77005E7C01 /* RegisterViewController.m */; };
		E80B395C1AAC4438005E7C01 /* NZCircularImageView.m in Sources */ = {isa = PBXBuildFile; fileRef = E80B395B1AAC4438005E7C01 /* NZCircularImageView.m */; };
		E80B395F1AAC4451005E7C01 /* UIImageView+UIActivityIndicatorForSDWebImage.m in Sources */ = {isa = PBXBuildFile; fileRef = E80B395E1AAC4451005E7C01 /* UIImageView+UIActivityIndicatorForSDWebImage.m */; };
		E80B39811AAC446D005E7C01 /* MKAnnotationView+WebCache.m in Sources */ = {isa = PBXBuildFile; fileRef = E80B39611AAC446D005E7C01 /* MKAnnotationView+WebCache.m */; };
		E80B39821AAC446D005E7C01 /* NSData+ImageContentType.m in Sources */ = {isa = PBXBuildFile; fileRef = E80B39631AAC446D005E7C01 /* NSData+ImageContentType.m */; };
		E80B39831AAC446D005E7C01 /* SDImageCache.m in Sources */ = {isa = PBXBuildFile; fileRef = E80B39651AAC446D005E7C01 /* SDImageCache.m */; };
		E80B39841AAC446D005E7C01 /* SDWebImageCompat.m in Sources */ = {isa = PBXBuildFile; fileRef = E80B39671AAC446D005E7C01 /* SDWebImageCompat.m */; };
		E80B39851AAC446D005E7C01 /* SDWebImageDecoder.m in Sources */ = {isa = PBXBuildFile; fileRef = E80B39691AAC446D005E7C01 /* SDWebImageDecoder.m */; };
		E80B39861AAC446D005E7C01 /* SDWebImageDownloader.m in Sources */ = {isa = PBXBuildFile; fileRef = E80B396B1AAC446D005E7C01 /* SDWebImageDownloader.m */; };
		E80B39871AAC446D005E7C01 /* SDWebImageDownloaderOperation.m in Sources */ = {isa = PBXBuildFile; fileRef = E80B396D1AAC446D005E7C01 /* SDWebImageDownloaderOperation.m */; };
		E80B39881AAC446D005E7C01 /* SDWebImageManager.m in Sources */ = {isa = PBXBuildFile; fileRef = E80B396F1AAC446D005E7C01 /* SDWebImageManager.m */; };
		E80B39891AAC446D005E7C01 /* SDWebImagePrefetcher.m in Sources */ = {isa = PBXBuildFile; fileRef = E80B39721AAC446D005E7C01 /* SDWebImagePrefetcher.m */; };
		E80B398A1AAC446D005E7C01 /* UIButton+WebCache.m in Sources */ = {isa = PBXBuildFile; fileRef = E80B39741AAC446D005E7C01 /* UIButton+WebCache.m */; };
		E80B398B1AAC446D005E7C01 /* UIImage+GIF.m in Sources */ = {isa = PBXBuildFile; fileRef = E80B39761AAC446D005E7C01 /* UIImage+GIF.m */; };
		E80B398C1AAC446D005E7C01 /* UIImage+MultiFormat.m in Sources */ = {isa = PBXBuildFile; fileRef = E80B39781AAC446D005E7C01 /* UIImage+MultiFormat.m */; };
		E80B398D1AAC446D005E7C01 /* UIImage+WebP.m in Sources */ = {isa = PBXBuildFile; fileRef = E80B397A1AAC446D005E7C01 /* UIImage+WebP.m */; };
		E80B398E1AAC446D005E7C01 /* UIImageView+HighlightedWebCache.m in Sources */ = {isa = PBXBuildFile; fileRef = E80B397C1AAC446D005E7C01 /* UIImageView+HighlightedWebCache.m */; };
		E80B398F1AAC446D005E7C01 /* UIImageView+WebCache.m in Sources */ = {isa = PBXBuildFile; fileRef = E80B397E1AAC446D005E7C01 /* UIImageView+WebCache.m */; };
		E80B39901AAC446D005E7C01 /* UIView+WebCacheOperation.m in Sources */ = {isa = PBXBuildFile; fileRef = E80B39801AAC446D005E7C01 /* UIView+WebCacheOperation.m */; };
		E8362F781AB31250008BAFF0 /* DAKeyboardControl.m in Sources */ = {isa = PBXBuildFile; fileRef = E8362F771AB31250008BAFF0 /* DAKeyboardControl.m */; };
		E8362F7B1AB31442008BAFF0 /* ChatThreadViewController.m in Sources */ = {isa = PBXBuildFile; fileRef = E8362F7A1AB31442008BAFF0 /* ChatThreadViewController.m */; };
		E8362F7D1AB3209F008BAFF0 /* SentMessage.wav in Resources */ = {isa = PBXBuildFile; fileRef = E8362F7C1AB3209F008BAFF0 /* SentMessage.wav */; };
		E8362F7F1AB3213A008BAFF0 /* sms-received.wav in Resources */ = {isa = PBXBuildFile; fileRef = E8362F7E1AB3213A008BAFF0 /* sms-received.wav */; };
		E8362F811AB3229D008BAFF0 /* ReceivedMessage.wav in Resources */ = {isa = PBXBuildFile; fileRef = E8362F801AB3229D008BAFF0 /* ReceivedMessage.wav */; };
		E85074221AAC6420007ACEEC /* add_new_user.png in Resources */ = {isa = PBXBuildFile; fileRef = E85074201AAC6420007ACEEC /* add_new_user.png */; };
		E85074231AAC6420007ACEEC /* add_new_user@2x.png in Resources */ = {isa = PBXBuildFile; fileRef = E85074211AAC6420007ACEEC /* add_new_user@2x.png */; };
		E85074251AAC642F007ACEEC /* add_new_user@3x.png in Resources */ = {isa = PBXBuildFile; fileRef = E85074241AAC642F007ACEEC /* add_new_user@3x.png */; };
		E8A414F01AAAAE090022E8CC /* main.m in Sources */ = {isa = PBXBuildFile; fileRef = E8A414EF1AAAAE090022E8CC /* main.m */; };
		E8A414F31AAAAE090022E8CC /* AppDelegate.m in Sources */ = {isa = PBXBuildFile; fileRef = E8A414F21AAAAE090022E8CC /* AppDelegate.m */; };
		E8A414F61AAAAE090022E8CC /* ArabChat.xcdatamodeld in Sources */ = {isa = PBXBuildFile; fileRef = E8A414F41AAAAE090022E8CC /* ArabChat.xcdatamodeld */; };
		E8A414F91AAAAE090022E8CC /* ViewController.m in Sources */ = {isa = PBXBuildFile; fileRef = E8A414F81AAAAE090022E8CC /* ViewController.m */; };
		E8A414FC1AAAAE090022E8CC /* Main.storyboard in Resources */ = {isa = PBXBuildFile; fileRef = E8A414FA1AAAAE090022E8CC /* Main.storyboard */; };
		E8A414FE1AAAAE090022E8CC /* Images.xcassets in Resources */ = {isa = PBXBuildFile; fileRef = E8A414FD1AAAAE090022E8CC /* Images.xcassets */; };
		E8A415011AAAAE090022E8CC /* LaunchScreen.xib in Resources */ = {isa = PBXBuildFile; fileRef = E8A414FF1AAAAE090022E8CC /* LaunchScreen.xib */; };
		E8A4150D1AAAAE090022E8CC /* ArabChatTests.m in Sources */ = {isa = PBXBuildFile; fileRef = E8A4150C1AAAAE090022E8CC /* ArabChatTests.m */; };
		E8A415B91AAAB1340022E8CC /* AudioToolbox.framework in Frameworks */ = {isa = PBXBuildFile; fileRef = E8A415B81AAAB1340022E8CC /* AudioToolbox.framework */; };
		E8BE12921AAD6E310054FADD /* LandinPageTableViewController.m in Sources */ = {isa = PBXBuildFile; fileRef = E8BE12911AAD6E310054FADD /* LandinPageTableViewController.m */; };
		E8BE12941AADB0840054FADD /* online-icon.png in Resources */ = {isa = PBXBuildFile; fileRef = E8BE12931AADB0840054FADD /* online-icon.png */; };
		E8BE12961AADB09E0054FADD /* online-red-icon.png in Resources */ = {isa = PBXBuildFile; fileRef = E8BE12951AADB09E0054FADD /* online-red-icon.png */; };
		E8BE129A1AADBCEA0054FADD /* loading.png in Resources */ = {isa = PBXBuildFile; fileRef = E8BE12971AADBCEA0054FADD /* loading.png */; };
		E8BE129B1AADBCEA0054FADD /* AsyncImageView.m in Sources */ = {isa = PBXBuildFile; fileRef = E8BE12991AADBCEA0054FADD /* AsyncImageView.m */; };
		E8BE129F1AADBD1B0054FADD /* UserGalleryTableViewController.m in Sources */ = {isa = PBXBuildFile; fileRef = E8BE129E1AADBD1B0054FADD /* UserGalleryTableViewController.m */; };
		E8C9E8511AB18DE200C02BEB /* STBubbleTableViewCell.m in Sources */ = {isa = PBXBuildFile; fileRef = E8C9E8501AB18DE200C02BEB /* STBubbleTableViewCell.m */; };
		E8C9E8541AB1906400C02BEB /* STBubbleTableViewCellDemoViewController.m in Sources */ = {isa = PBXBuildFile; fileRef = E8C9E8531AB1906400C02BEB /* STBubbleTableViewCellDemoViewController.m */; };
		E8C9E8571AB1908000C02BEB /* Message.m in Sources */ = {isa = PBXBuildFile; fileRef = E8C9E8561AB1908000C02BEB /* Message.m */; };
		E8C9E86E1AB190DB00C02BEB /* Bubble-0.png in Resources */ = {isa = PBXBuildFile; fileRef = E8C9E8581AB190DB00C02BEB /* Bubble-0.png */; };
		E8C9E86F1AB190DB00C02BEB /* Bubble-0@2x.png in Resources */ = {isa = PBXBuildFile; fileRef = E8C9E8591AB190DB00C02BEB /* Bubble-0@2x.png */; };
		E8C9E8701AB190DB00C02BEB /* Bubble-1.png in Resources */ = {isa = PBXBuildFile; fileRef = E8C9E85A1AB190DB00C02BEB /* Bubble-1.png */; };
		E8C9E8711AB190DB00C02BEB /* Bubble-1@2x.png in Resources */ = {isa = PBXBuildFile; fileRef = E8C9E85B1AB190DB00C02BEB /* Bubble-1@2x.png */; };
		E8C9E8721AB190DB00C02BEB /* Bubble-2.png in Resources */ = {isa = PBXBuildFile; fileRef = E8C9E85C1AB190DB00C02BEB /* Bubble-2.png */; };
		E8C9E8731AB190DB00C02BEB /* Bubble-2@2x.png in Resources */ = {isa = PBXBuildFile; fileRef = E8C9E85D1AB190DB00C02BEB /* Bubble-2@2x.png */; };
		E8C9E8741AB190DB00C02BEB /* Bubble-3.png in Resources */ = {isa = PBXBuildFile; fileRef = E8C9E85E1AB190DB00C02BEB /* Bubble-3.png */; };
		E8C9E8751AB190DB00C02BEB /* Bubble-3@2x.png in Resources */ = {isa = PBXBuildFile; fileRef = E8C9E85F1AB190DB00C02BEB /* Bubble-3@2x.png */; };
		E8C9E8761AB190DB00C02BEB /* Bubble-4.png in Resources */ = {isa = PBXBuildFile; fileRef = E8C9E8601AB190DB00C02BEB /* Bubble-4.png */; };
		E8C9E8771AB190DB00C02BEB /* Bubble-4@2x.png in Resources */ = {isa = PBXBuildFile; fileRef = E8C9E8611AB190DB00C02BEB /* Bubble-4@2x.png */; };
		E8C9E8781AB190DB00C02BEB /* Bubble-5.png in Resources */ = {isa = PBXBuildFile; fileRef = E8C9E8621AB190DB00C02BEB /* Bubble-5.png */; };
		E8C9E8791AB190DB00C02BEB /* Bubble-5@2x.png in Resources */ = {isa = PBXBuildFile; fileRef = E8C9E8631AB190DB00C02BEB /* Bubble-5@2x.png */; };
		E8C9E87A1AB190DB00C02BEB /* Bubble-6.png in Resources */ = {isa = PBXBuildFile; fileRef = E8C9E8641AB190DB00C02BEB /* Bubble-6.png */; };
		E8C9E87B1AB190DB00C02BEB /* Bubble-6@2x.png in Resources */ = {isa = PBXBuildFile; fileRef = E8C9E8651AB190DB00C02BEB /* Bubble-6@2x.png */; };
		E8C9E87C1AB190DB00C02BEB /* Bubble-7.png in Resources */ = {isa = PBXBuildFile; fileRef = E8C9E8661AB190DB00C02BEB /* Bubble-7.png */; };
		E8C9E87D1AB190DB00C02BEB /* Bubble-7@2x.png in Resources */ = {isa = PBXBuildFile; fileRef = E8C9E8671AB190DB00C02BEB /* Bubble-7@2x.png */; };
		E8C9E87E1AB190DB00C02BEB /* Bubble-8.png in Resources */ = {isa = PBXBuildFile; fileRef = E8C9E8681AB190DB00C02BEB /* Bubble-8.png */; };
		E8C9E87F1AB190DB00C02BEB /* Bubble-8@2x.png in Resources */ = {isa = PBXBuildFile; fileRef = E8C9E8691AB190DB00C02BEB /* Bubble-8@2x.png */; };
		E8C9E8801AB190DB00C02BEB /* Bubble-9.png in Resources */ = {isa = PBXBuildFile; fileRef = E8C9E86A1AB190DB00C02BEB /* Bubble-9.png */; };
		E8C9E8811AB190DB00C02BEB /* Bubble-9@2x.png in Resources */ = {isa = PBXBuildFile; fileRef = E8C9E86B1AB190DB00C02BEB /* Bubble-9@2x.png */; };
		E8C9E8821AB190DB00C02BEB /* jonnotie.png in Resources */ = {isa = PBXBuildFile; fileRef = E8C9E86C1AB190DB00C02BEB /* jonnotie.png */; };
		E8C9E8831AB190DB00C02BEB /* SkyTrix.png in Resources */ = {isa = PBXBuildFile; fileRef = E8C9E86D1AB190DB00C02BEB /* SkyTrix.png */; };
		E8C9E8871AB1AFDB00C02BEB /* THChatInput.m in Sources */ = {isa = PBXBuildFile; fileRef = E8C9E8861AB1AFDB00C02BEB /* THChatInput.m */; };
		E8FC97F21AADE99F005D7B6F /* BBBadgeBarButtonItem.m in Sources */ = {isa = PBXBuildFile; fileRef = E8FC97F11AADE99F005D7B6F /* BBBadgeBarButtonItem.m */; };
		E8FC97F51AAEAC97005D7B6F /* MyProfileViewController.m in Sources */ = {isa = PBXBuildFile; fileRef = E8FC97F41AAEAC97005D7B6F /* MyProfileViewController.m */; };
		E8FC97FC1AAEF6A8005D7B6F /* ChatHistoryTableViewController.m in Sources */ = {isa = PBXBuildFile; fileRef = E8FC97FB1AAEF6A8005D7B6F /* ChatHistoryTableViewController.m */; };
		E8FC97FF1AAF0A1C005D7B6F /* libsqlite3.dylib in Frameworks */ = {isa = PBXBuildFile; fileRef = E8FC97FE1AAF0A1C005D7B6F /* libsqlite3.dylib */; };
		E8FC98021AAF0A3A005D7B6F /* DatabaseController.m in Sources */ = {isa = PBXBuildFile; fileRef = E8FC98011AAF0A3A005D7B6F /* DatabaseController.m */; };
		E8FC98071AB01D40005D7B6F /* water.aiff in Resources */ = {isa = PBXBuildFile; fileRef = E8FC98061AB01D40005D7B6F /* water.aiff */; };
		E8FC980B1AB0A5F4005D7B6F /* AGPushNoteView.m in Sources */ = {isa = PBXBuildFile; fileRef = E8FC98091AB0A5F4005D7B6F /* AGPushNoteView.m */; };
		E8FC980C1AB0A5F4005D7B6F /* AGPushNoteView.xib in Resources */ = {isa = PBXBuildFile; fileRef = E8FC980A1AB0A5F4005D7B6F /* AGPushNoteView.xib */; };
/* End PBXBuildFile section */

/* Begin PBXContainerItemProxy section */
		E8A415071AAAAE090022E8CC /* PBXContainerItemProxy */ = {
			isa = PBXContainerItemProxy;
			containerPortal = E8A414E21AAAAE090022E8CC /* Project object */;
			proxyType = 1;
			remoteGlobalIDString = E8A414E91AAAAE090022E8CC;
			remoteInfo = ArabChat;
		};
/* End PBXContainerItemProxy section */

/* Begin PBXFileReference section */
		1EABF8B71AB5E36000794CE3 /* background-img.png */ = {isa = PBXFileReference; lastKnownFileType = image.png; path = "background-img.png"; sourceTree = "<group>"; };
		1EABF8B81AB5E36000794CE3 /* background-img@2x.png */ = {isa = PBXFileReference; lastKnownFileType = image.png; path = "background-img@2x.png"; sourceTree = "<group>"; };
		1EABF8B91AB5E36000794CE3 /* background-img@3x.png */ = {isa = PBXFileReference; lastKnownFileType = image.png; path = "background-img@3x.png"; sourceTree = "<group>"; };
		1EABF8BA1AB5E36000794CE3 /* check-off.png */ = {isa = PBXFileReference; lastKnownFileType = image.png; path = "check-off.png"; sourceTree = "<group>"; };
		1EABF8BB1AB5E36000794CE3 /* check-off@2x.png */ = {isa = PBXFileReference; lastKnownFileType = image.png; path = "check-off@2x.png"; sourceTree = "<group>"; };
		1EABF8BC1AB5E36000794CE3 /* check-off@3x.png */ = {isa = PBXFileReference; lastKnownFileType = image.png; path = "check-off@3x.png"; sourceTree = "<group>"; };
		1EABF8BD1AB5E36000794CE3 /* check-on.png */ = {isa = PBXFileReference; lastKnownFileType = image.png; path = "check-on.png"; sourceTree = "<group>"; };
		1EABF8BE1AB5E36000794CE3 /* check-on@2x.png */ = {isa = PBXFileReference; lastKnownFileType = image.png; path = "check-on@2x.png"; sourceTree = "<group>"; };
		1EABF8BF1AB5E36000794CE3 /* check-on@3x.png */ = {isa = PBXFileReference; lastKnownFileType = image.png; path = "check-on@3x.png"; sourceTree = "<group>"; };
		1EABF8C01AB5E36000794CE3 /* log-button.png */ = {isa = PBXFileReference; lastKnownFileType = image.png; path = "log-button.png"; sourceTree = "<group>"; };
		1EABF8C11AB5E36000794CE3 /* log-button@2x.png */ = {isa = PBXFileReference; lastKnownFileType = image.png; path = "log-button@2x.png"; sourceTree = "<group>"; };
		1EABF8C21AB5E36000794CE3 /* log-button@3x.png */ = {isa = PBXFileReference; lastKnownFileType = image.png; path = "log-button@3x.png"; sourceTree = "<group>"; };
		1EABF8C31AB5E36000794CE3 /* text-back.png */ = {isa = PBXFileReference; lastKnownFileType = image.png; path = "text-back.png"; sourceTree = "<group>"; };
		1EABF8C41AB5E36000794CE3 /* text-back@2x.png */ = {isa = PBXFileReference; lastKnownFileType = image.png; path = "text-back@2x.png"; sourceTree = "<group>"; };
		1EABF8C51AB5E36000794CE3 /* text-back@3x.png */ = {isa = PBXFileReference; lastKnownFileType = image.png; path = "text-back@3x.png"; sourceTree = "<group>"; };
		1EABF8DC1ABC82FF00794CE3 /* blank-button.png */ = {isa = PBXFileReference; lastKnownFileType = image.png; path = "blank-button.png"; sourceTree = "<group>"; };
		1EABF8DD1ABC82FF00794CE3 /* blank-button@2x.png */ = {isa = PBXFileReference; lastKnownFileType = image.png; path = "blank-button@2x.png"; sourceTree = "<group>"; };
		1EABF8DE1ABC82FF00794CE3 /* blank-button@3x.png */ = {isa = PBXFileReference; lastKnownFileType = image.png; path = "blank-button@3x.png"; sourceTree = "<group>"; };
		1EABF8E21ABC846E00794CE3 /* heart-icon.png */ = {isa = PBXFileReference; lastKnownFileType = image.png; path = "heart-icon.png"; sourceTree = "<group>"; };
		1EABF8E31ABC846E00794CE3 /* heart-icon@2x.png */ = {isa = PBXFileReference; lastKnownFileType = image.png; path = "heart-icon@2x.png"; sourceTree = "<group>"; };
		1EABF8E41ABC846E00794CE3 /* heart-icon@3x.png */ = {isa = PBXFileReference; lastKnownFileType = image.png; path = "heart-icon@3x.png"; sourceTree = "<group>"; };
		1EABF8E81ABC861900794CE3 /* AboutViewController.h */ = {isa = PBXFileReference; fileEncoding = 4; lastKnownFileType = sourcecode.c.h; path = AboutViewController.h; sourceTree = "<group>"; };
		1EABF8E91ABC861900794CE3 /* AboutViewController.m */ = {isa = PBXFileReference; fileEncoding = 4; lastKnownFileType = sourcecode.c.objc; path = AboutViewController.m; sourceTree = "<group>"; };
		1EABF8EB1ABC863E00794CE3 /* about-img.png */ = {isa = PBXFileReference; lastKnownFileType = image.png; path = "about-img.png"; sourceTree = "<group>"; };
		1EABF8EC1ABC863E00794CE3 /* about-img@2x.png */ = {isa = PBXFileReference; lastKnownFileType = image.png; path = "about-img@2x.png"; sourceTree = "<group>"; };
		1EABF8ED1ABC863E00794CE3 /* about-img@3x.png */ = {isa = PBXFileReference; lastKnownFileType = image.png; path = "about-img@3x.png"; sourceTree = "<group>"; };
		1EABF8F11ABC887000794CE3 /* app-icon.png */ = {isa = PBXFileReference; lastKnownFileType = image.png; path = "app-icon.png"; sourceTree = "<group>"; };
		1EABF8F21ABC887000794CE3 /* app-icon@2x.png */ = {isa = PBXFileReference; lastKnownFileType = image.png; path = "app-icon@2x.png"; sourceTree = "<group>"; };
		1EABF8F31ABC887000794CE3 /* app-icon@3x.png */ = {isa = PBXFileReference; lastKnownFileType = image.png; path = "app-icon@3x.png"; sourceTree = "<group>"; };
		1EABF8F71ABC8BF400794CE3 /* user-pic.png */ = {isa = PBXFileReference; lastKnownFileType = image.png; path = "user-pic.png"; sourceTree = "<group>"; };
		1EABF8F81ABC8BF400794CE3 /* user-pic@2x.png */ = {isa = PBXFileReference; lastKnownFileType = image.png; path = "user-pic@2x.png"; sourceTree = "<group>"; };
		1EABF8F91ABC8BF400794CE3 /* user-pic@3x.png */ = {isa = PBXFileReference; lastKnownFileType = image.png; path = "user-pic@3x.png"; sourceTree = "<group>"; };
		1EABF8FD1ABDAEDA00794CE3 /* SearchViewController.h */ = {isa = PBXFileReference; fileEncoding = 4; lastKnownFileType = sourcecode.c.h; path = SearchViewController.h; sourceTree = "<group>"; };
		1EABF8FE1ABDAEDA00794CE3 /* SearchViewController.m */ = {isa = PBXFileReference; fileEncoding = 4; lastKnownFileType = sourcecode.c.objc; path = SearchViewController.m; sourceTree = "<group>"; };
		1EABF9001ABDC58C00794CE3 /* select-img.png */ = {isa = PBXFileReference; lastKnownFileType = image.png; path = "select-img.png"; sourceTree = "<group>"; };
		1EABF9021ABDD78F00794CE3 /* close-back-b.png */ = {isa = PBXFileReference; lastKnownFileType = image.png; path = "close-back-b.png"; sourceTree = "<group>"; };
		1EABF9031ABDD78F00794CE3 /* close-back-b@2x.png */ = {isa = PBXFileReference; lastKnownFileType = image.png; path = "close-back-b@2x.png"; sourceTree = "<group>"; };
		1EABF9041ABDD78F00794CE3 /* close-back-b@3x.png */ = {isa = PBXFileReference; lastKnownFileType = image.png; path = "close-back-b@3x.png"; sourceTree = "<group>"; };
		E80B39311AAC1589005E7C01 /* LoginScreenViewController.h */ = {isa = PBXFileReference; fileEncoding = 4; lastKnownFileType = sourcecode.c.h; path = LoginScreenViewController.h; sourceTree = "<group>"; };
		E80B39321AAC1589005E7C01 /* LoginScreenViewController.m */ = {isa = PBXFileReference; fileEncoding = 4; lastKnownFileType = sourcecode.c.objc; path = LoginScreenViewController.m; sourceTree = "<group>"; };
		E80B39341AAC2070005E7C01 /* MBProgressHUD.h */ = {isa = PBXFileReference; fileEncoding = 4; lastKnownFileType = sourcecode.c.h; path = MBProgressHUD.h; sourceTree = "<group>"; };
		E80B39351AAC2070005E7C01 /* MBProgressHUD.m */ = {isa = PBXFileReference; fileEncoding = 4; lastKnownFileType = sourcecode.c.objc; path = MBProgressHUD.m; sourceTree = "<group>"; };
		E80B39381AAC20F6005E7C01 /* Reachability.h */ = {isa = PBXFileReference; fileEncoding = 4; lastKnownFileType = sourcecode.c.h; path = Reachability.h; sourceTree = "<group>"; };
		E80B39391AAC20F6005E7C01 /* Reachability.m */ = {isa = PBXFileReference; fileEncoding = 4; lastKnownFileType = sourcecode.c.objc; path = Reachability.m; sourceTree = "<group>"; };
		E80B393B1AAC2153005E7C01 /* OLGhostAlertView.h */ = {isa = PBXFileReference; fileEncoding = 4; lastKnownFileType = sourcecode.c.h; path = OLGhostAlertView.h; sourceTree = "<group>"; };
		E80B393C1AAC2153005E7C01 /* OLGhostAlertView.m */ = {isa = PBXFileReference; fileEncoding = 4; lastKnownFileType = sourcecode.c.objc; path = OLGhostAlertView.m; sourceTree = "<group>"; };
		E80B393D1AAC2153005E7C01 /* UIView+Toast.h */ = {isa = PBXFileReference; fileEncoding = 4; lastKnownFileType = sourcecode.c.h; path = "UIView+Toast.h"; sourceTree = "<group>"; };
		E80B393E1AAC2153005E7C01 /* UIView+Toast.m */ = {isa = PBXFileReference; fileEncoding = 4; lastKnownFileType = sourcecode.c.objc; path = "UIView+Toast.m"; sourceTree = "<group>"; };
		E80B39411AAC220B005E7C01 /* QuartzCore.framework */ = {isa = PBXFileReference; lastKnownFileType = wrapper.framework; name = QuartzCore.framework; path = System/Library/Frameworks/QuartzCore.framework; sourceTree = SDKROOT; };
		E80B39531AAC24E1005E7C01 /* MZLoadingCircle.h */ = {isa = PBXFileReference; fileEncoding = 4; lastKnownFileType = sourcecode.c.h; path = MZLoadingCircle.h; sourceTree = "<group>"; };
		E80B39541AAC24E1005E7C01 /* MZLoadingCircle.m */ = {isa = PBXFileReference; fileEncoding = 4; lastKnownFileType = sourcecode.c.objc; path = MZLoadingCircle.m; sourceTree = "<group>"; };
		E80B39561AAC3E77005E7C01 /* RegisterViewController.h */ = {isa = PBXFileReference; fileEncoding = 4; lastKnownFileType = sourcecode.c.h; path = RegisterViewController.h; sourceTree = "<group>"; };
		E80B39571AAC3E77005E7C01 /* RegisterViewController.m */ = {isa = PBXFileReference; fileEncoding = 4; lastKnownFileType = sourcecode.c.objc; path = RegisterViewController.m; sourceTree = "<group>"; };
		E80B395A1AAC4438005E7C01 /* NZCircularImageView.h */ = {isa = PBXFileReference; fileEncoding = 4; lastKnownFileType = sourcecode.c.h; path = NZCircularImageView.h; sourceTree = "<group>"; };
		E80B395B1AAC4438005E7C01 /* NZCircularImageView.m */ = {isa = PBXFileReference; fileEncoding = 4; lastKnownFileType = sourcecode.c.objc; path = NZCircularImageView.m; sourceTree = "<group>"; };
		E80B395D1AAC4451005E7C01 /* UIImageView+UIActivityIndicatorForSDWebImage.h */ = {isa = PBXFileReference; fileEncoding = 4; lastKnownFileType = sourcecode.c.h; path = "UIImageView+UIActivityIndicatorForSDWebImage.h"; sourceTree = "<group>"; };
		E80B395E1AAC4451005E7C01 /* UIImageView+UIActivityIndicatorForSDWebImage.m */ = {isa = PBXFileReference; fileEncoding = 4; lastKnownFileType = sourcecode.c.objc; path = "UIImageView+UIActivityIndicatorForSDWebImage.m"; sourceTree = "<group>"; };
		E80B39601AAC446D005E7C01 /* MKAnnotationView+WebCache.h */ = {isa = PBXFileReference; fileEncoding = 4; lastKnownFileType = sourcecode.c.h; path = "MKAnnotationView+WebCache.h"; sourceTree = "<group>"; };
		E80B39611AAC446D005E7C01 /* MKAnnotationView+WebCache.m */ = {isa = PBXFileReference; fileEncoding = 4; lastKnownFileType = sourcecode.c.objc; path = "MKAnnotationView+WebCache.m"; sourceTree = "<group>"; };
		E80B39621AAC446D005E7C01 /* NSData+ImageContentType.h */ = {isa = PBXFileReference; fileEncoding = 4; lastKnownFileType = sourcecode.c.h; path = "NSData+ImageContentType.h"; sourceTree = "<group>"; };
		E80B39631AAC446D005E7C01 /* NSData+ImageContentType.m */ = {isa = PBXFileReference; fileEncoding = 4; lastKnownFileType = sourcecode.c.objc; path = "NSData+ImageContentType.m"; sourceTree = "<group>"; };
		E80B39641AAC446D005E7C01 /* SDImageCache.h */ = {isa = PBXFileReference; fileEncoding = 4; lastKnownFileType = sourcecode.c.h; path = SDImageCache.h; sourceTree = "<group>"; };
		E80B39651AAC446D005E7C01 /* SDImageCache.m */ = {isa = PBXFileReference; fileEncoding = 4; lastKnownFileType = sourcecode.c.objc; path = SDImageCache.m; sourceTree = "<group>"; };
		E80B39661AAC446D005E7C01 /* SDWebImageCompat.h */ = {isa = PBXFileReference; fileEncoding = 4; lastKnownFileType = sourcecode.c.h; path = SDWebImageCompat.h; sourceTree = "<group>"; };
		E80B39671AAC446D005E7C01 /* SDWebImageCompat.m */ = {isa = PBXFileReference; fileEncoding = 4; lastKnownFileType = sourcecode.c.objc; path = SDWebImageCompat.m; sourceTree = "<group>"; };
		E80B39681AAC446D005E7C01 /* SDWebImageDecoder.h */ = {isa = PBXFileReference; fileEncoding = 4; lastKnownFileType = sourcecode.c.h; path = SDWebImageDecoder.h; sourceTree = "<group>"; };
		E80B39691AAC446D005E7C01 /* SDWebImageDecoder.m */ = {isa = PBXFileReference; fileEncoding = 4; lastKnownFileType = sourcecode.c.objc; path = SDWebImageDecoder.m; sourceTree = "<group>"; };
		E80B396A1AAC446D005E7C01 /* SDWebImageDownloader.h */ = {isa = PBXFileReference; fileEncoding = 4; lastKnownFileType = sourcecode.c.h; path = SDWebImageDownloader.h; sourceTree = "<group>"; };
		E80B396B1AAC446D005E7C01 /* SDWebImageDownloader.m */ = {isa = PBXFileReference; fileEncoding = 4; lastKnownFileType = sourcecode.c.objc; path = SDWebImageDownloader.m; sourceTree = "<group>"; };
		E80B396C1AAC446D005E7C01 /* SDWebImageDownloaderOperation.h */ = {isa = PBXFileReference; fileEncoding = 4; lastKnownFileType = sourcecode.c.h; path = SDWebImageDownloaderOperation.h; sourceTree = "<group>"; };
		E80B396D1AAC446D005E7C01 /* SDWebImageDownloaderOperation.m */ = {isa = PBXFileReference; fileEncoding = 4; lastKnownFileType = sourcecode.c.objc; path = SDWebImageDownloaderOperation.m; sourceTree = "<group>"; };
		E80B396E1AAC446D005E7C01 /* SDWebImageManager.h */ = {isa = PBXFileReference; fileEncoding = 4; lastKnownFileType = sourcecode.c.h; path = SDWebImageManager.h; sourceTree = "<group>"; };
		E80B396F1AAC446D005E7C01 /* SDWebImageManager.m */ = {isa = PBXFileReference; fileEncoding = 4; lastKnownFileType = sourcecode.c.objc; path = SDWebImageManager.m; sourceTree = "<group>"; };
		E80B39701AAC446D005E7C01 /* SDWebImageOperation.h */ = {isa = PBXFileReference; fileEncoding = 4; lastKnownFileType = sourcecode.c.h; path = SDWebImageOperation.h; sourceTree = "<group>"; };
		E80B39711AAC446D005E7C01 /* SDWebImagePrefetcher.h */ = {isa = PBXFileReference; fileEncoding = 4; lastKnownFileType = sourcecode.c.h; path = SDWebImagePrefetcher.h; sourceTree = "<group>"; };
		E80B39721AAC446D005E7C01 /* SDWebImagePrefetcher.m */ = {isa = PBXFileReference; fileEncoding = 4; lastKnownFileType = sourcecode.c.objc; path = SDWebImagePrefetcher.m; sourceTree = "<group>"; };
		E80B39731AAC446D005E7C01 /* UIButton+WebCache.h */ = {isa = PBXFileReference; fileEncoding = 4; lastKnownFileType = sourcecode.c.h; path = "UIButton+WebCache.h"; sourceTree = "<group>"; };
		E80B39741AAC446D005E7C01 /* UIButton+WebCache.m */ = {isa = PBXFileReference; fileEncoding = 4; lastKnownFileType = sourcecode.c.objc; path = "UIButton+WebCache.m"; sourceTree = "<group>"; };
		E80B39751AAC446D005E7C01 /* UIImage+GIF.h */ = {isa = PBXFileReference; fileEncoding = 4; lastKnownFileType = sourcecode.c.h; path = "UIImage+GIF.h"; sourceTree = "<group>"; };
		E80B39761AAC446D005E7C01 /* UIImage+GIF.m */ = {isa = PBXFileReference; fileEncoding = 4; lastKnownFileType = sourcecode.c.objc; path = "UIImage+GIF.m"; sourceTree = "<group>"; };
		E80B39771AAC446D005E7C01 /* UIImage+MultiFormat.h */ = {isa = PBXFileReference; fileEncoding = 4; lastKnownFileType = sourcecode.c.h; path = "UIImage+MultiFormat.h"; sourceTree = "<group>"; };
		E80B39781AAC446D005E7C01 /* UIImage+MultiFormat.m */ = {isa = PBXFileReference; fileEncoding = 4; lastKnownFileType = sourcecode.c.objc; path = "UIImage+MultiFormat.m"; sourceTree = "<group>"; };
		E80B39791AAC446D005E7C01 /* UIImage+WebP.h */ = {isa = PBXFileReference; fileEncoding = 4; lastKnownFileType = sourcecode.c.h; path = "UIImage+WebP.h"; sourceTree = "<group>"; };
		E80B397A1AAC446D005E7C01 /* UIImage+WebP.m */ = {isa = PBXFileReference; fileEncoding = 4; lastKnownFileType = sourcecode.c.objc; path = "UIImage+WebP.m"; sourceTree = "<group>"; };
		E80B397B1AAC446D005E7C01 /* UIImageView+HighlightedWebCache.h */ = {isa = PBXFileReference; fileEncoding = 4; lastKnownFileType = sourcecode.c.h; path = "UIImageView+HighlightedWebCache.h"; sourceTree = "<group>"; };
		E80B397C1AAC446D005E7C01 /* UIImageView+HighlightedWebCache.m */ = {isa = PBXFileReference; fileEncoding = 4; lastKnownFileType = sourcecode.c.objc; path = "UIImageView+HighlightedWebCache.m"; sourceTree = "<group>"; };
		E80B397D1AAC446D005E7C01 /* UIImageView+WebCache.h */ = {isa = PBXFileReference; fileEncoding = 4; lastKnownFileType = sourcecode.c.h; path = "UIImageView+WebCache.h"; sourceTree = "<group>"; };
		E80B397E1AAC446D005E7C01 /* UIImageView+WebCache.m */ = {isa = PBXFileReference; fileEncoding = 4; lastKnownFileType = sourcecode.c.objc; path = "UIImageView+WebCache.m"; sourceTree = "<group>"; };
		E80B397F1AAC446D005E7C01 /* UIView+WebCacheOperation.h */ = {isa = PBXFileReference; fileEncoding = 4; lastKnownFileType = sourcecode.c.h; path = "UIView+WebCacheOperation.h"; sourceTree = "<group>"; };
		E80B39801AAC446D005E7C01 /* UIView+WebCacheOperation.m */ = {isa = PBXFileReference; fileEncoding = 4; lastKnownFileType = sourcecode.c.objc; path = "UIView+WebCacheOperation.m"; sourceTree = "<group>"; };
		E8362F761AB31250008BAFF0 /* DAKeyboardControl.h */ = {isa = PBXFileReference; fileEncoding = 4; lastKnownFileType = sourcecode.c.h; path = DAKeyboardControl.h; sourceTree = "<group>"; };
		E8362F771AB31250008BAFF0 /* DAKeyboardControl.m */ = {isa = PBXFileReference; fileEncoding = 4; lastKnownFileType = sourcecode.c.objc; path = DAKeyboardControl.m; sourceTree = "<group>"; };
		E8362F791AB31442008BAFF0 /* ChatThreadViewController.h */ = {isa = PBXFileReference; fileEncoding = 4; lastKnownFileType = sourcecode.c.h; path = ChatThreadViewController.h; sourceTree = "<group>"; };
		E8362F7A1AB31442008BAFF0 /* ChatThreadViewController.m */ = {isa = PBXFileReference; fileEncoding = 4; lastKnownFileType = sourcecode.c.objc; path = ChatThreadViewController.m; sourceTree = "<group>"; };
		E8362F7C1AB3209F008BAFF0 /* SentMessage.wav */ = {isa = PBXFileReference; lastKnownFileType = audio.wav; path = SentMessage.wav; sourceTree = "<group>"; };
		E8362F7E1AB3213A008BAFF0 /* sms-received.wav */ = {isa = PBXFileReference; lastKnownFileType = audio.wav; path = "sms-received.wav"; sourceTree = "<group>"; };
		E8362F801AB3229D008BAFF0 /* ReceivedMessage.wav */ = {isa = PBXFileReference; lastKnownFileType = audio.wav; path = ReceivedMessage.wav; sourceTree = "<group>"; };
		E85074201AAC6420007ACEEC /* add_new_user.png */ = {isa = PBXFileReference; lastKnownFileType = image.png; path = add_new_user.png; sourceTree = "<group>"; };
		E85074211AAC6420007ACEEC /* add_new_user@2x.png */ = {isa = PBXFileReference; lastKnownFileType = image.png; path = "add_new_user@2x.png"; sourceTree = "<group>"; };
		E85074241AAC642F007ACEEC /* add_new_user@3x.png */ = {isa = PBXFileReference; lastKnownFileType = image.png; path = "add_new_user@3x.png"; sourceTree = "<group>"; };
		E8A414EA1AAAAE090022E8CC /* ArabChat.app */ = {isa = PBXFileReference; explicitFileType = wrapper.application; includeInIndex = 0; path = ArabChat.app; sourceTree = BUILT_PRODUCTS_DIR; };
		E8A414EE1AAAAE090022E8CC /* Info.plist */ = {isa = PBXFileReference; lastKnownFileType = text.plist.xml; path = Info.plist; sourceTree = "<group>"; };
		E8A414EF1AAAAE090022E8CC /* main.m */ = {isa = PBXFileReference; lastKnownFileType = sourcecode.c.objc; path = main.m; sourceTree = "<group>"; };
		E8A414F11AAAAE090022E8CC /* AppDelegate.h */ = {isa = PBXFileReference; lastKnownFileType = sourcecode.c.h; path = AppDelegate.h; sourceTree = "<group>"; };
		E8A414F21AAAAE090022E8CC /* AppDelegate.m */ = {isa = PBXFileReference; lastKnownFileType = sourcecode.c.objc; path = AppDelegate.m; sourceTree = "<group>"; };
		E8A414F51AAAAE090022E8CC /* ArabChat.xcdatamodel */ = {isa = PBXFileReference; lastKnownFileType = wrapper.xcdatamodel; path = ArabChat.xcdatamodel; sourceTree = "<group>"; };
		E8A414F71AAAAE090022E8CC /* ViewController.h */ = {isa = PBXFileReference; lastKnownFileType = sourcecode.c.h; path = ViewController.h; sourceTree = "<group>"; };
		E8A414F81AAAAE090022E8CC /* ViewController.m */ = {isa = PBXFileReference; lastKnownFileType = sourcecode.c.objc; path = ViewController.m; sourceTree = "<group>"; };
		E8A414FB1AAAAE090022E8CC /* Base */ = {isa = PBXFileReference; lastKnownFileType = file.storyboard; name = Base; path = Base.lproj/Main.storyboard; sourceTree = "<group>"; };
		E8A414FD1AAAAE090022E8CC /* Images.xcassets */ = {isa = PBXFileReference; lastKnownFileType = folder.assetcatalog; path = Images.xcassets; sourceTree = "<group>"; };
		E8A415001AAAAE090022E8CC /* Base */ = {isa = PBXFileReference; lastKnownFileType = file.xib; name = Base; path = Base.lproj/LaunchScreen.xib; sourceTree = "<group>"; };
		E8A415061AAAAE090022E8CC /* ArabChatTests.xctest */ = {isa = PBXFileReference; explicitFileType = wrapper.cfbundle; includeInIndex = 0; path = ArabChatTests.xctest; sourceTree = BUILT_PRODUCTS_DIR; };
		E8A4150B1AAAAE090022E8CC /* Info.plist */ = {isa = PBXFileReference; lastKnownFileType = text.plist.xml; path = Info.plist; sourceTree = "<group>"; };
		E8A4150C1AAAAE090022E8CC /* ArabChatTests.m */ = {isa = PBXFileReference; lastKnownFileType = sourcecode.c.objc; path = ArabChatTests.m; sourceTree = "<group>"; };
		E8A415B81AAAB1340022E8CC /* AudioToolbox.framework */ = {isa = PBXFileReference; lastKnownFileType = wrapper.framework; name = AudioToolbox.framework; path = System/Library/Frameworks/AudioToolbox.framework; sourceTree = SDKROOT; };
		E8BE12901AAD6E310054FADD /* LandinPageTableViewController.h */ = {isa = PBXFileReference; fileEncoding = 4; lastKnownFileType = sourcecode.c.h; path = LandinPageTableViewController.h; sourceTree = "<group>"; };
		E8BE12911AAD6E310054FADD /* LandinPageTableViewController.m */ = {isa = PBXFileReference; fileEncoding = 4; lastKnownFileType = sourcecode.c.objc; path = LandinPageTableViewController.m; sourceTree = "<group>"; };
		E8BE12931AADB0840054FADD /* online-icon.png */ = {isa = PBXFileReference; lastKnownFileType = image.png; path = "online-icon.png"; sourceTree = "<group>"; };
		E8BE12951AADB09E0054FADD /* online-red-icon.png */ = {isa = PBXFileReference; lastKnownFileType = image.png; path = "online-red-icon.png"; sourceTree = "<group>"; };
		E8BE12971AADBCEA0054FADD /* loading.png */ = {isa = PBXFileReference; lastKnownFileType = image.png; path = loading.png; sourceTree = "<group>"; };
		E8BE12981AADBCEA0054FADD /* AsyncImageView.h */ = {isa = PBXFileReference; fileEncoding = 4; lastKnownFileType = sourcecode.c.h; path = AsyncImageView.h; sourceTree = "<group>"; };
		E8BE12991AADBCEA0054FADD /* AsyncImageView.m */ = {isa = PBXFileReference; fileEncoding = 4; lastKnownFileType = sourcecode.c.objc; path = AsyncImageView.m; sourceTree = "<group>"; };
		E8BE129D1AADBD1B0054FADD /* UserGalleryTableViewController.h */ = {isa = PBXFileReference; fileEncoding = 4; lastKnownFileType = sourcecode.c.h; path = UserGalleryTableViewController.h; sourceTree = "<group>"; };
		E8BE129E1AADBD1B0054FADD /* UserGalleryTableViewController.m */ = {isa = PBXFileReference; fileEncoding = 4; lastKnownFileType = sourcecode.c.objc; path = UserGalleryTableViewController.m; sourceTree = "<group>"; };
		E8C9E84F1AB18DE200C02BEB /* STBubbleTableViewCell.h */ = {isa = PBXFileReference; fileEncoding = 4; lastKnownFileType = sourcecode.c.h; path = STBubbleTableViewCell.h; sourceTree = "<group>"; };
		E8C9E8501AB18DE200C02BEB /* STBubbleTableViewCell.m */ = {isa = PBXFileReference; fileEncoding = 4; lastKnownFileType = sourcecode.c.objc; path = STBubbleTableViewCell.m; sourceTree = "<group>"; };
		E8C9E8521AB1906400C02BEB /* STBubbleTableViewCellDemoViewController.h */ = {isa = PBXFileReference; fileEncoding = 4; lastKnownFileType = sourcecode.c.h; path = STBubbleTableViewCellDemoViewController.h; sourceTree = "<group>"; };
		E8C9E8531AB1906400C02BEB /* STBubbleTableViewCellDemoViewController.m */ = {isa = PBXFileReference; fileEncoding = 4; lastKnownFileType = sourcecode.c.objc; path = STBubbleTableViewCellDemoViewController.m; sourceTree = "<group>"; };
		E8C9E8551AB1908000C02BEB /* Message.h */ = {isa = PBXFileReference; fileEncoding = 4; lastKnownFileType = sourcecode.c.h; path = Message.h; sourceTree = "<group>"; };
		E8C9E8561AB1908000C02BEB /* Message.m */ = {isa = PBXFileReference; fileEncoding = 4; lastKnownFileType = sourcecode.c.objc; path = Message.m; sourceTree = "<group>"; };
		E8C9E8581AB190DB00C02BEB /* Bubble-0.png */ = {isa = PBXFileReference; lastKnownFileType = image.png; path = "Bubble-0.png"; sourceTree = "<group>"; };
		E8C9E8591AB190DB00C02BEB /* Bubble-0@2x.png */ = {isa = PBXFileReference; lastKnownFileType = image.png; path = "Bubble-0@2x.png"; sourceTree = "<group>"; };
		E8C9E85A1AB190DB00C02BEB /* Bubble-1.png */ = {isa = PBXFileReference; lastKnownFileType = image.png; path = "Bubble-1.png"; sourceTree = "<group>"; };
		E8C9E85B1AB190DB00C02BEB /* Bubble-1@2x.png */ = {isa = PBXFileReference; lastKnownFileType = image.png; path = "Bubble-1@2x.png"; sourceTree = "<group>"; };
		E8C9E85C1AB190DB00C02BEB /* Bubble-2.png */ = {isa = PBXFileReference; lastKnownFileType = image.png; path = "Bubble-2.png"; sourceTree = "<group>"; };
		E8C9E85D1AB190DB00C02BEB /* Bubble-2@2x.png */ = {isa = PBXFileReference; lastKnownFileType = image.png; path = "Bubble-2@2x.png"; sourceTree = "<group>"; };
		E8C9E85E1AB190DB00C02BEB /* Bubble-3.png */ = {isa = PBXFileReference; lastKnownFileType = image.png; path = "Bubble-3.png"; sourceTree = "<group>"; };
		E8C9E85F1AB190DB00C02BEB /* Bubble-3@2x.png */ = {isa = PBXFileReference; lastKnownFileType = image.png; path = "Bubble-3@2x.png"; sourceTree = "<group>"; };
		E8C9E8601AB190DB00C02BEB /* Bubble-4.png */ = {isa = PBXFileReference; lastKnownFileType = image.png; path = "Bubble-4.png"; sourceTree = "<group>"; };
		E8C9E8611AB190DB00C02BEB /* Bubble-4@2x.png */ = {isa = PBXFileReference; lastKnownFileType = image.png; path = "Bubble-4@2x.png"; sourceTree = "<group>"; };
		E8C9E8621AB190DB00C02BEB /* Bubble-5.png */ = {isa = PBXFileReference; lastKnownFileType = image.png; path = "Bubble-5.png"; sourceTree = "<group>"; };
		E8C9E8631AB190DB00C02BEB /* Bubble-5@2x.png */ = {isa = PBXFileReference; lastKnownFileType = image.png; path = "Bubble-5@2x.png"; sourceTree = "<group>"; };
		E8C9E8641AB190DB00C02BEB /* Bubble-6.png */ = {isa = PBXFileReference; lastKnownFileType = image.png; path = "Bubble-6.png"; sourceTree = "<group>"; };
		E8C9E8651AB190DB00C02BEB /* Bubble-6@2x.png */ = {isa = PBXFileReference; lastKnownFileType = image.png; path = "Bubble-6@2x.png"; sourceTree = "<group>"; };
		E8C9E8661AB190DB00C02BEB /* Bubble-7.png */ = {isa = PBXFileReference; lastKnownFileType = image.png; path = "Bubble-7.png"; sourceTree = "<group>"; };
		E8C9E8671AB190DB00C02BEB /* Bubble-7@2x.png */ = {isa = PBXFileReference; lastKnownFileType = image.png; path = "Bubble-7@2x.png"; sourceTree = "<group>"; };
		E8C9E8681AB190DB00C02BEB /* Bubble-8.png */ = {isa = PBXFileReference; lastKnownFileType = image.png; path = "Bubble-8.png"; sourceTree = "<group>"; };
		E8C9E8691AB190DB00C02BEB /* Bubble-8@2x.png */ = {isa = PBXFileReference; lastKnownFileType = image.png; path = "Bubble-8@2x.png"; sourceTree = "<group>"; };
		E8C9E86A1AB190DB00C02BEB /* Bubble-9.png */ = {isa = PBXFileReference; lastKnownFileType = image.png; path = "Bubble-9.png"; sourceTree = "<group>"; };
		E8C9E86B1AB190DB00C02BEB /* Bubble-9@2x.png */ = {isa = PBXFileReference; lastKnownFileType = image.png; path = "Bubble-9@2x.png"; sourceTree = "<group>"; };
		E8C9E86C1AB190DB00C02BEB /* jonnotie.png */ = {isa = PBXFileReference; lastKnownFileType = image.png; path = jonnotie.png; sourceTree = "<group>"; };
		E8C9E86D1AB190DB00C02BEB /* SkyTrix.png */ = {isa = PBXFileReference; lastKnownFileType = image.png; path = SkyTrix.png; sourceTree = "<group>"; };
		E8C9E8851AB1AFDB00C02BEB /* THChatInput.h */ = {isa = PBXFileReference; fileEncoding = 4; lastKnownFileType = sourcecode.c.h; path = THChatInput.h; sourceTree = "<group>"; };
		E8C9E8861AB1AFDB00C02BEB /* THChatInput.m */ = {isa = PBXFileReference; fileEncoding = 4; lastKnownFileType = sourcecode.c.objc; path = THChatInput.m; sourceTree = "<group>"; };
		E8FC97F01AADE99F005D7B6F /* BBBadgeBarButtonItem.h */ = {isa = PBXFileReference; fileEncoding = 4; lastKnownFileType = sourcecode.c.h; path = BBBadgeBarButtonItem.h; sourceTree = "<group>"; };
		E8FC97F11AADE99F005D7B6F /* BBBadgeBarButtonItem.m */ = {isa = PBXFileReference; fileEncoding = 4; lastKnownFileType = sourcecode.c.objc; path = BBBadgeBarButtonItem.m; sourceTree = "<group>"; };
		E8FC97F31AAEAC97005D7B6F /* MyProfileViewController.h */ = {isa = PBXFileReference; fileEncoding = 4; lastKnownFileType = sourcecode.c.h; path = MyProfileViewController.h; sourceTree = "<group>"; };
		E8FC97F41AAEAC97005D7B6F /* MyProfileViewController.m */ = {isa = PBXFileReference; fileEncoding = 4; lastKnownFileType = sourcecode.c.objc; path = MyProfileViewController.m; sourceTree = "<group>"; };
		E8FC97FA1AAEF6A8005D7B6F /* ChatHistoryTableViewController.h */ = {isa = PBXFileReference; fileEncoding = 4; lastKnownFileType = sourcecode.c.h; path = ChatHistoryTableViewController.h; sourceTree = "<group>"; };
		E8FC97FB1AAEF6A8005D7B6F /* ChatHistoryTableViewController.m */ = {isa = PBXFileReference; fileEncoding = 4; lastKnownFileType = sourcecode.c.objc; path = ChatHistoryTableViewController.m; sourceTree = "<group>"; };
		E8FC97FE1AAF0A1C005D7B6F /* libsqlite3.dylib */ = {isa = PBXFileReference; lastKnownFileType = "compiled.mach-o.dylib"; name = libsqlite3.dylib; path = usr/lib/libsqlite3.dylib; sourceTree = SDKROOT; };
		E8FC98001AAF0A3A005D7B6F /* DatabaseController.h */ = {isa = PBXFileReference; fileEncoding = 4; lastKnownFileType = sourcecode.c.h; path = DatabaseController.h; sourceTree = "<group>"; };
		E8FC98011AAF0A3A005D7B6F /* DatabaseController.m */ = {isa = PBXFileReference; fileEncoding = 4; lastKnownFileType = sourcecode.c.objc; path = DatabaseController.m; sourceTree = "<group>"; };
		E8FC98061AB01D40005D7B6F /* water.aiff */ = {isa = PBXFileReference; lastKnownFileType = audio.aiff; path = water.aiff; sourceTree = "<group>"; };
		E8FC98081AB0A5F4005D7B6F /* AGPushNoteView.h */ = {isa = PBXFileReference; fileEncoding = 4; lastKnownFileType = sourcecode.c.h; path = AGPushNoteView.h; sourceTree = "<group>"; };
		E8FC98091AB0A5F4005D7B6F /* AGPushNoteView.m */ = {isa = PBXFileReference; fileEncoding = 4; lastKnownFileType = sourcecode.c.objc; path = AGPushNoteView.m; sourceTree = "<group>"; };
		E8FC980A1AB0A5F4005D7B6F /* AGPushNoteView.xib */ = {isa = PBXFileReference; fileEncoding = 4; lastKnownFileType = file.xib; path = AGPushNoteView.xib; sourceTree = "<group>"; };
/* End PBXFileReference section */

/* Begin PBXFrameworksBuildPhase section */
		E8A414E71AAAAE090022E8CC /* Frameworks */ = {
			isa = PBXFrameworksBuildPhase;
			buildActionMask = 2147483647;
			files = (
				E8FC97FF1AAF0A1C005D7B6F /* libsqlite3.dylib in Frameworks */,
				E80B39421AAC220B005E7C01 /* QuartzCore.framework in Frameworks */,
				E8A415B91AAAB1340022E8CC /* AudioToolbox.framework in Frameworks */,
			);
			runOnlyForDeploymentPostprocessing = 0;
		};
		E8A415031AAAAE090022E8CC /* Frameworks */ = {
			isa = PBXFrameworksBuildPhase;
			buildActionMask = 2147483647;
			files = (
			);
			runOnlyForDeploymentPostprocessing = 0;
		};
/* End PBXFrameworksBuildPhase section */

/* Begin PBXGroup section */
		1EABF8B61AB5E34A00794CE3 /* Images */ = {
			isa = PBXGroup;
			children = (
				1EABF9021ABDD78F00794CE3 /* close-back-b.png */,
				1EABF9031ABDD78F00794CE3 /* close-back-b@2x.png */,
				1EABF9041ABDD78F00794CE3 /* close-back-b@3x.png */,
				1EABF9001ABDC58C00794CE3 /* select-img.png */,
				1EABF8F71ABC8BF400794CE3 /* user-pic.png */,
				1EABF8F81ABC8BF400794CE3 /* user-pic@2x.png */,
				1EABF8F91ABC8BF400794CE3 /* user-pic@3x.png */,
				1EABF8F11ABC887000794CE3 /* app-icon.png */,
				1EABF8F21ABC887000794CE3 /* app-icon@2x.png */,
				1EABF8F31ABC887000794CE3 /* app-icon@3x.png */,
				1EABF8EB1ABC863E00794CE3 /* about-img.png */,
				1EABF8EC1ABC863E00794CE3 /* about-img@2x.png */,
				1EABF8ED1ABC863E00794CE3 /* about-img@3x.png */,
				1EABF8E21ABC846E00794CE3 /* heart-icon.png */,
				1EABF8E31ABC846E00794CE3 /* heart-icon@2x.png */,
				1EABF8E41ABC846E00794CE3 /* heart-icon@3x.png */,
				1EABF8DC1ABC82FF00794CE3 /* blank-button.png */,
				1EABF8DD1ABC82FF00794CE3 /* blank-button@2x.png */,
				1EABF8DE1ABC82FF00794CE3 /* blank-button@3x.png */,
				1EABF8B71AB5E36000794CE3 /* background-img.png */,
				1EABF8B81AB5E36000794CE3 /* background-img@2x.png */,
				1EABF8B91AB5E36000794CE3 /* background-img@3x.png */,
				1EABF8BA1AB5E36000794CE3 /* check-off.png */,
				1EABF8BB1AB5E36000794CE3 /* check-off@2x.png */,
				1EABF8BC1AB5E36000794CE3 /* check-off@3x.png */,
				1EABF8BD1AB5E36000794CE3 /* check-on.png */,
				1EABF8BE1AB5E36000794CE3 /* check-on@2x.png */,
				1EABF8BF1AB5E36000794CE3 /* check-on@3x.png */,
				1EABF8C01AB5E36000794CE3 /* log-button.png */,
				1EABF8C11AB5E36000794CE3 /* log-button@2x.png */,
				1EABF8C21AB5E36000794CE3 /* log-button@3x.png */,
				1EABF8C31AB5E36000794CE3 /* text-back.png */,
				1EABF8C41AB5E36000794CE3 /* text-back@2x.png */,
				1EABF8C51AB5E36000794CE3 /* text-back@3x.png */,
			);
			name = Images;
			sourceTree = "<group>";
		};
		E80B39301AAC1571005E7C01 /* LoginScreen */ = {
			isa = PBXGroup;
			children = (
				E80B39311AAC1589005E7C01 /* LoginScreenViewController.h */,
				E80B39321AAC1589005E7C01 /* LoginScreenViewController.m */,
			);
			name = LoginScreen;
			path = ..;
			sourceTree = "<group>";
		};
		E80B39371AAC2073005E7C01 /* ThirdParty */ = {
			isa = PBXGroup;
			children = (
				E8362F761AB31250008BAFF0 /* DAKeyboardControl.h */,
				E8362F771AB31250008BAFF0 /* DAKeyboardControl.m */,
				E8C9E8851AB1AFDB00C02BEB /* THChatInput.h */,
				E8C9E8861AB1AFDB00C02BEB /* THChatInput.m */,
				E8C9E8581AB190DB00C02BEB /* Bubble-0.png */,
				E8C9E8591AB190DB00C02BEB /* Bubble-0@2x.png */,
				E8C9E85A1AB190DB00C02BEB /* Bubble-1.png */,
				E8C9E85B1AB190DB00C02BEB /* Bubble-1@2x.png */,
				E8C9E85C1AB190DB00C02BEB /* Bubble-2.png */,
				E8C9E85D1AB190DB00C02BEB /* Bubble-2@2x.png */,
				E8C9E85E1AB190DB00C02BEB /* Bubble-3.png */,
				E8C9E85F1AB190DB00C02BEB /* Bubble-3@2x.png */,
				E8C9E8601AB190DB00C02BEB /* Bubble-4.png */,
				E8C9E8611AB190DB00C02BEB /* Bubble-4@2x.png */,
				E8C9E8621AB190DB00C02BEB /* Bubble-5.png */,
				E8C9E8631AB190DB00C02BEB /* Bubble-5@2x.png */,
				E8C9E8641AB190DB00C02BEB /* Bubble-6.png */,
				E8C9E8651AB190DB00C02BEB /* Bubble-6@2x.png */,
				E8C9E8661AB190DB00C02BEB /* Bubble-7.png */,
				E8C9E8671AB190DB00C02BEB /* Bubble-7@2x.png */,
				E8C9E8681AB190DB00C02BEB /* Bubble-8.png */,
				E8C9E8691AB190DB00C02BEB /* Bubble-8@2x.png */,
				E8C9E86A1AB190DB00C02BEB /* Bubble-9.png */,
				E8C9E86B1AB190DB00C02BEB /* Bubble-9@2x.png */,
				E8C9E86C1AB190DB00C02BEB /* jonnotie.png */,
				E8C9E86D1AB190DB00C02BEB /* SkyTrix.png */,
				E8C9E8551AB1908000C02BEB /* Message.h */,
				E8C9E8561AB1908000C02BEB /* Message.m */,
				E8FC98081AB0A5F4005D7B6F /* AGPushNoteView.h */,
				E8FC98091AB0A5F4005D7B6F /* AGPushNoteView.m */,
				E8FC980A1AB0A5F4005D7B6F /* AGPushNoteView.xib */,
				E8FC97F01AADE99F005D7B6F /* BBBadgeBarButtonItem.h */,
				E8FC97F11AADE99F005D7B6F /* BBBadgeBarButtonItem.m */,
				E80B39911AAC4486005E7C01 /* CircularCachImage */,
				E80B39531AAC24E1005E7C01 /* MZLoadingCircle.h */,
				E80B39541AAC24E1005E7C01 /* MZLoadingCircle.m */,
				E80B393B1AAC2153005E7C01 /* OLGhostAlertView.h */,
				E80B393C1AAC2153005E7C01 /* OLGhostAlertView.m */,
				E80B393D1AAC2153005E7C01 /* UIView+Toast.h */,
				E80B393E1AAC2153005E7C01 /* UIView+Toast.m */,
				E80B39381AAC20F6005E7C01 /* Reachability.h */,
				E80B39391AAC20F6005E7C01 /* Reachability.m */,
				E80B39341AAC2070005E7C01 /* MBProgressHUD.h */,
				E80B39351AAC2070005E7C01 /* MBProgressHUD.m */,
			);
			name = ThirdParty;
			sourceTree = "<group>";
		};
		E80B39591AAC3E7E005E7C01 /* RegisterViewController */ = {
			isa = PBXGroup;
			children = (
				E80B39561AAC3E77005E7C01 /* RegisterViewController.h */,
				E80B39571AAC3E77005E7C01 /* RegisterViewController.m */,
			);
			name = RegisterViewController;
			sourceTree = "<group>";
		};
		E80B39911AAC4486005E7C01 /* CircularCachImage */ = {
			isa = PBXGroup;
			children = (
				E80B39601AAC446D005E7C01 /* MKAnnotationView+WebCache.h */,
				E80B39611AAC446D005E7C01 /* MKAnnotationView+WebCache.m */,
				E80B39621AAC446D005E7C01 /* NSData+ImageContentType.h */,
				E80B39631AAC446D005E7C01 /* NSData+ImageContentType.m */,
				E80B39641AAC446D005E7C01 /* SDImageCache.h */,
				E80B39651AAC446D005E7C01 /* SDImageCache.m */,
				E80B39661AAC446D005E7C01 /* SDWebImageCompat.h */,
				E80B39671AAC446D005E7C01 /* SDWebImageCompat.m */,
				E80B39681AAC446D005E7C01 /* SDWebImageDecoder.h */,
				E80B39691AAC446D005E7C01 /* SDWebImageDecoder.m */,
				E80B396A1AAC446D005E7C01 /* SDWebImageDownloader.h */,
				E80B396B1AAC446D005E7C01 /* SDWebImageDownloader.m */,
				E80B396C1AAC446D005E7C01 /* SDWebImageDownloaderOperation.h */,
				E80B396D1AAC446D005E7C01 /* SDWebImageDownloaderOperation.m */,
				E80B396E1AAC446D005E7C01 /* SDWebImageManager.h */,
				E80B396F1AAC446D005E7C01 /* SDWebImageManager.m */,
				E80B39701AAC446D005E7C01 /* SDWebImageOperation.h */,
				E80B39711AAC446D005E7C01 /* SDWebImagePrefetcher.h */,
				E80B39721AAC446D005E7C01 /* SDWebImagePrefetcher.m */,
				E80B39731AAC446D005E7C01 /* UIButton+WebCache.h */,
				E80B39741AAC446D005E7C01 /* UIButton+WebCache.m */,
				E80B39751AAC446D005E7C01 /* UIImage+GIF.h */,
				E80B39761AAC446D005E7C01 /* UIImage+GIF.m */,
				E80B39771AAC446D005E7C01 /* UIImage+MultiFormat.h */,
				E80B39781AAC446D005E7C01 /* UIImage+MultiFormat.m */,
				E80B39791AAC446D005E7C01 /* UIImage+WebP.h */,
				E80B397A1AAC446D005E7C01 /* UIImage+WebP.m */,
				E80B397B1AAC446D005E7C01 /* UIImageView+HighlightedWebCache.h */,
				E80B397C1AAC446D005E7C01 /* UIImageView+HighlightedWebCache.m */,
				E80B397D1AAC446D005E7C01 /* UIImageView+WebCache.h */,
				E80B397E1AAC446D005E7C01 /* UIImageView+WebCache.m */,
				E80B397F1AAC446D005E7C01 /* UIView+WebCacheOperation.h */,
				E80B39801AAC446D005E7C01 /* UIView+WebCacheOperation.m */,
				E80B395A1AAC4438005E7C01 /* NZCircularImageView.h */,
				E80B395D1AAC4451005E7C01 /* UIImageView+UIActivityIndicatorForSDWebImage.h */,
				E80B395E1AAC4451005E7C01 /* UIImageView+UIActivityIndicatorForSDWebImage.m */,
				E80B395B1AAC4438005E7C01 /* NZCircularImageView.m */,
			);
			name = CircularCachImage;
			sourceTree = "<group>";
		};
		E8A414E11AAAAE090022E8CC = {
			isa = PBXGroup;
			children = (
				E8A414EC1AAAAE090022E8CC /* ArabChat */,
				E8A415091AAAAE090022E8CC /* ArabChatTests */,
				E8A414EB1AAAAE090022E8CC /* Products */,
				E80B39411AAC220B005E7C01 /* QuartzCore.framework */,
				E8FC97FE1AAF0A1C005D7B6F /* libsqlite3.dylib */,
				E8A415B81AAAB1340022E8CC /* AudioToolbox.framework */,
			);
			sourceTree = "<group>";
		};
		E8A414EB1AAAAE090022E8CC /* Products */ = {
			isa = PBXGroup;
			children = (
				E8A414EA1AAAAE090022E8CC /* ArabChat.app */,
				E8A415061AAAAE090022E8CC /* ArabChatTests.xctest */,
			);
			name = Products;
			sourceTree = "<group>";
		};
		E8A414EC1AAAAE090022E8CC /* ArabChat */ = {
			isa = PBXGroup;
			children = (
				E8FC98031AAF0A3D005D7B6F /* DBController */,
				E80B39371AAC2073005E7C01 /* ThirdParty */,
				E80B39301AAC1571005E7C01 /* LoginScreen */,
				E80B39591AAC3E7E005E7C01 /* RegisterViewController */,
				E8BE12891AAD5B790054FADD /* LandingPageController */,
				E8BE129C1AADBD0E0054FADD /* UserGallery */,
				E8FC97F61AAEACA1005D7B6F /* MyProfileViewController */,
				E8FC97FD1AAEF6AC005D7B6F /* ChatHistoryTableViewController */,
				E8C9E8841AB1926B00C02BEB /* ChatThread */,
				1EABF8B61AB5E34A00794CE3 /* Images */,
				E8A414F11AAAAE090022E8CC /* AppDelegate.h */,
				E8A414F21AAAAE090022E8CC /* AppDelegate.m */,
				E8A414F71AAAAE090022E8CC /* ViewController.h */,
				E8A414F81AAAAE090022E8CC /* ViewController.m */,
				1EABF8E81ABC861900794CE3 /* AboutViewController.h */,
				1EABF8E91ABC861900794CE3 /* AboutViewController.m */,
				1EABF8FD1ABDAEDA00794CE3 /* SearchViewController.h */,
				1EABF8FE1ABDAEDA00794CE3 /* SearchViewController.m */,
				E8A414FA1AAAAE090022E8CC /* Main.storyboard */,
				E8A414FD1AAAAE090022E8CC /* Images.xcassets */,
				E8A414FF1AAAAE090022E8CC /* LaunchScreen.xib */,
				E8A414F41AAAAE090022E8CC /* ArabChat.xcdatamodeld */,
				E8A414ED1AAAAE090022E8CC /* Supporting Files */,
			);
			path = ArabChat;
			sourceTree = "<group>";
		};
		E8A414ED1AAAAE090022E8CC /* Supporting Files */ = {
			isa = PBXGroup;
			children = (
				E8362F801AB3229D008BAFF0 /* ReceivedMessage.wav */,
				E8362F7E1AB3213A008BAFF0 /* sms-received.wav */,
				E8362F7C1AB3209F008BAFF0 /* SentMessage.wav */,
				E8FC98061AB01D40005D7B6F /* water.aiff */,
				E8BE12971AADBCEA0054FADD /* loading.png */,
				E8BE12981AADBCEA0054FADD /* AsyncImageView.h */,
				E8BE12991AADBCEA0054FADD /* AsyncImageView.m */,
				E8BE12931AADB0840054FADD /* online-icon.png */,
				E8BE12951AADB09E0054FADD /* online-red-icon.png */,
				E85074201AAC6420007ACEEC /* add_new_user.png */,
				E85074211AAC6420007ACEEC /* add_new_user@2x.png */,
				E85074241AAC642F007ACEEC /* add_new_user@3x.png */,
				E8A414EE1AAAAE090022E8CC /* Info.plist */,
				E8A414EF1AAAAE090022E8CC /* main.m */,
			);
			name = "Supporting Files";
			sourceTree = "<group>";
		};
		E8A415091AAAAE090022E8CC /* ArabChatTests */ = {
			isa = PBXGroup;
			children = (
				E8A4150C1AAAAE090022E8CC /* ArabChatTests.m */,
				E8A4150A1AAAAE090022E8CC /* Supporting Files */,
			);
			path = ArabChatTests;
			sourceTree = "<group>";
		};
		E8A4150A1AAAAE090022E8CC /* Supporting Files */ = {
			isa = PBXGroup;
			children = (
				E8A4150B1AAAAE090022E8CC /* Info.plist */,
			);
			name = "Supporting Files";
			sourceTree = "<group>";
		};
		E8BE12891AAD5B790054FADD /* LandingPageController */ = {
			isa = PBXGroup;
			children = (
				E8BE12901AAD6E310054FADD /* LandinPageTableViewController.h */,
				E8BE12911AAD6E310054FADD /* LandinPageTableViewController.m */,
			);
			name = LandingPageController;
			sourceTree = "<group>";
		};
		E8BE129C1AADBD0E0054FADD /* UserGallery */ = {
			isa = PBXGroup;
			children = (
				E8BE129D1AADBD1B0054FADD /* UserGalleryTableViewController.h */,
				E8BE129E1AADBD1B0054FADD /* UserGalleryTableViewController.m */,
			);
			name = UserGallery;
			sourceTree = "<group>";
		};
		E8C9E8841AB1926B00C02BEB /* ChatThread */ = {
			isa = PBXGroup;
			children = (
				E8C9E8521AB1906400C02BEB /* STBubbleTableViewCellDemoViewController.h */,
				E8C9E8531AB1906400C02BEB /* STBubbleTableViewCellDemoViewController.m */,
				E8C9E84F1AB18DE200C02BEB /* STBubbleTableViewCell.h */,
				E8C9E8501AB18DE200C02BEB /* STBubbleTableViewCell.m */,
				E8362F791AB31442008BAFF0 /* ChatThreadViewController.h */,
				E8362F7A1AB31442008BAFF0 /* ChatThreadViewController.m */,
			);
			name = ChatThread;
			sourceTree = "<group>";
		};
		E8FC97F61AAEACA1005D7B6F /* MyProfileViewController */ = {
			isa = PBXGroup;
			children = (
				E8FC97F31AAEAC97005D7B6F /* MyProfileViewController.h */,
				E8FC97F41AAEAC97005D7B6F /* MyProfileViewController.m */,
			);
			name = MyProfileViewController;
			sourceTree = "<group>";
		};
		E8FC97FD1AAEF6AC005D7B6F /* ChatHistoryTableViewController */ = {
			isa = PBXGroup;
			children = (
				E8FC97FA1AAEF6A8005D7B6F /* ChatHistoryTableViewController.h */,
				E8FC97FB1AAEF6A8005D7B6F /* ChatHistoryTableViewController.m */,
			);
			name = ChatHistoryTableViewController;
			sourceTree = "<group>";
		};
		E8FC98031AAF0A3D005D7B6F /* DBController */ = {
			isa = PBXGroup;
			children = (
				E8FC98001AAF0A3A005D7B6F /* DatabaseController.h */,
				E8FC98011AAF0A3A005D7B6F /* DatabaseController.m */,
			);
			name = DBController;
			sourceTree = "<group>";
		};
/* End PBXGroup section */

/* Begin PBXNativeTarget section */
		E8A414E91AAAAE090022E8CC /* ArabChat */ = {
			isa = PBXNativeTarget;
			buildConfigurationList = E8A415101AAAAE090022E8CC /* Build configuration list for PBXNativeTarget "ArabChat" */;
			buildPhases = (
				E8A414E61AAAAE090022E8CC /* Sources */,
				E8A414E71AAAAE090022E8CC /* Frameworks */,
				E8A414E81AAAAE090022E8CC /* Resources */,
			);
			buildRules = (
			);
			dependencies = (
			);
			name = ArabChat;
			productName = ArabChat;
			productReference = E8A414EA1AAAAE090022E8CC /* ArabChat.app */;
			productType = "com.apple.product-type.application";
		};
		E8A415051AAAAE090022E8CC /* ArabChatTests */ = {
			isa = PBXNativeTarget;
			buildConfigurationList = E8A415131AAAAE090022E8CC /* Build configuration list for PBXNativeTarget "ArabChatTests" */;
			buildPhases = (
				E8A415021AAAAE090022E8CC /* Sources */,
				E8A415031AAAAE090022E8CC /* Frameworks */,
				E8A415041AAAAE090022E8CC /* Resources */,
			);
			buildRules = (
			);
			dependencies = (
				E8A415081AAAAE090022E8CC /* PBXTargetDependency */,
			);
			name = ArabChatTests;
			productName = ArabChatTests;
			productReference = E8A415061AAAAE090022E8CC /* ArabChatTests.xctest */;
			productType = "com.apple.product-type.bundle.unit-test";
		};
/* End PBXNativeTarget section */

/* Begin PBXProject section */
		E8A414E21AAAAE090022E8CC /* Project object */ = {
			isa = PBXProject;
			attributes = {
				LastUpgradeCheck = 0610;
				ORGANIZATIONNAME = "Osama Rabie";
				TargetAttributes = {
					E8A414E91AAAAE090022E8CC = {
						CreatedOnToolsVersion = 6.1;
						DevelopmentTeam = 9672ZX333W;
					};
					E8A415051AAAAE090022E8CC = {
						CreatedOnToolsVersion = 6.1;
						DevelopmentTeam = 9672ZX333W;
					};
				};
			};
			buildConfigurationList = E8A414E51AAAAE090022E8CC /* Build configuration list for PBXProject "ArabChat" */;
			compatibilityVersion = "Xcode 3.2";
			developmentRegion = English;
			hasScannedForEncodings = 0;
			knownRegions = (
				en,
				Base,
				de,
				es,
				fr,
				he,
				it,
				nl,
				pl,
				pt,
				ro,
				ru,
				tr,
				"zh-Hans",
				"zh-Hant",
			);
			mainGroup = E8A414E11AAAAE090022E8CC;
			productRefGroup = E8A414EB1AAAAE090022E8CC /* Products */;
			projectDirPath = "";
			projectRoot = "";
			targets = (
				E8A414E91AAAAE090022E8CC /* ArabChat */,
				E8A415051AAAAE090022E8CC /* ArabChatTests */,
			);
		};
/* End PBXProject section */

/* Begin PBXResourcesBuildPhase section */
		E8A414E81AAAAE090022E8CC /* Resources */ = {
			isa = PBXResourcesBuildPhase;
			buildActionMask = 2147483647;
			files = (
				1EABF8D41AB5E36000794CE3 /* text-back@3x.png in Resources */,
				E8C9E8761AB190DB00C02BEB /* Bubble-4.png in Resources */,
				1EABF9071ABDD78F00794CE3 /* close-back-b@3x.png in Resources */,
				1EABF8C61AB5E36000794CE3 /* background-img.png in Resources */,
				1EABF8D31AB5E36000794CE3 /* text-back@2x.png in Resources */,
				1EABF8CF1AB5E36000794CE3 /* log-button.png in Resources */,
				E8C9E8831AB190DB00C02BEB /* SkyTrix.png in Resources */,
				1EABF9051ABDD78F00794CE3 /* close-back-b.png in Resources */,
				E8C9E8731AB190DB00C02BEB /* Bubble-2@2x.png in Resources */,
				1EABF8F01ABC863E00794CE3 /* about-img@3x.png in Resources */,
				E8BE129A1AADBCEA0054FADD /* loading.png in Resources */,
				E8C9E87B1AB190DB00C02BEB /* Bubble-6@2x.png in Resources */,
				E8BE12941AADB0840054FADD /* online-icon.png in Resources */,
				1EABF8E11ABC82FF00794CE3 /* blank-button@3x.png in Resources */,
				E8C9E8821AB190DB00C02BEB /* jonnotie.png in Resources */,
				E8C9E8801AB190DB00C02BEB /* Bubble-9.png in Resources */,
				1EABF8D11AB5E36000794CE3 /* log-button@3x.png in Resources */,
				1EABF8F51ABC887000794CE3 /* app-icon@2x.png in Resources */,
				E8BE12961AADB09E0054FADD /* online-red-icon.png in Resources */,
				E8C9E8781AB190DB00C02BEB /* Bubble-5.png in Resources */,
				1EABF8E61ABC846E00794CE3 /* heart-icon@2x.png in Resources */,
				1EABF8E51ABC846E00794CE3 /* heart-icon.png in Resources */,
				1EABF8E71ABC846E00794CE3 /* heart-icon@3x.png in Resources */,
				1EABF8CC1AB5E36000794CE3 /* check-on.png in Resources */,
				1EABF9011ABDC58C00794CE3 /* select-img.png in Resources */,
				E8FC980C1AB0A5F4005D7B6F /* AGPushNoteView.xib in Resources */,
				E8362F811AB3229D008BAFF0 /* ReceivedMessage.wav in Resources */,
				E8A414FC1AAAAE090022E8CC /* Main.storyboard in Resources */,
				E8362F7D1AB3209F008BAFF0 /* SentMessage.wav in Resources */,
				1EABF8F61ABC887000794CE3 /* app-icon@3x.png in Resources */,
				1EABF8CD1AB5E36000794CE3 /* check-on@2x.png in Resources */,
				E8C9E8701AB190DB00C02BEB /* Bubble-1.png in Resources */,
				1EABF9061ABDD78F00794CE3 /* close-back-b@2x.png in Resources */,
				E85074251AAC642F007ACEEC /* add_new_user@3x.png in Resources */,
				E8C9E86F1AB190DB00C02BEB /* Bubble-0@2x.png in Resources */,
				E8C9E87E1AB190DB00C02BEB /* Bubble-8.png in Resources */,
				1EABF8EE1ABC863E00794CE3 /* about-img.png in Resources */,
				E8C9E8711AB190DB00C02BEB /* Bubble-1@2x.png in Resources */,
				E8C9E8771AB190DB00C02BEB /* Bubble-4@2x.png in Resources */,
				1EABF8D01AB5E36000794CE3 /* log-button@2x.png in Resources */,
				E8A415011AAAAE090022E8CC /* LaunchScreen.xib in Resources */,
				E8C9E87A1AB190DB00C02BEB /* Bubble-6.png in Resources */,
				1EABF8D21AB5E36000794CE3 /* text-back.png in Resources */,
				1EABF8FA1ABC8BF400794CE3 /* user-pic.png in Resources */,
				E8C9E8741AB190DB00C02BEB /* Bubble-3.png in Resources */,
				1EABF8F41ABC887000794CE3 /* app-icon.png in Resources */,
				1EABF8FB1ABC8BF400794CE3 /* user-pic@2x.png in Resources */,
				1EABF8CB1AB5E36000794CE3 /* check-off@3x.png in Resources */,
				1EABF8CE1AB5E36000794CE3 /* check-on@3x.png in Resources */,
				1EABF8E01ABC82FF00794CE3 /* blank-button@2x.png in Resources */,
				E8362F7F1AB3213A008BAFF0 /* sms-received.wav in Resources */,
				E8C9E8721AB190DB00C02BEB /* Bubble-2.png in Resources */,
				1EABF8DF1ABC82FF00794CE3 /* blank-button.png in Resources */,
				1EABF8CA1AB5E36000794CE3 /* check-off@2x.png in Resources */,
				E8C9E87F1AB190DB00C02BEB /* Bubble-8@2x.png in Resources */,
				E8C9E8791AB190DB00C02BEB /* Bubble-5@2x.png in Resources */,
				E8C9E8811AB190DB00C02BEB /* Bubble-9@2x.png in Resources */,
				E8A414FE1AAAAE090022E8CC /* Images.xcassets in Resources */,
				1EABF8C81AB5E36000794CE3 /* background-img@3x.png in Resources */,
				E8C9E86E1AB190DB00C02BEB /* Bubble-0.png in Resources */,
				E8FC98071AB01D40005D7B6F /* water.aiff in Resources */,
				1EABF8C71AB5E36000794CE3 /* background-img@2x.png in Resources */,
				1EABF8EF1ABC863E00794CE3 /* about-img@2x.png in Resources */,
				E85074221AAC6420007ACEEC /* add_new_user.png in Resources */,
				E8C9E87D1AB190DB00C02BEB /* Bubble-7@2x.png in Resources */,
				1EABF8FC1ABC8BF400794CE3 /* user-pic@3x.png in Resources */,
				E8C9E8751AB190DB00C02BEB /* Bubble-3@2x.png in Resources */,
				E85074231AAC6420007ACEEC /* add_new_user@2x.png in Resources */,
				1EABF8C91AB5E36000794CE3 /* check-off.png in Resources */,
				E8C9E87C1AB190DB00C02BEB /* Bubble-7.png in Resources */,
			);
			runOnlyForDeploymentPostprocessing = 0;
		};
		E8A415041AAAAE090022E8CC /* Resources */ = {
			isa = PBXResourcesBuildPhase;
			buildActionMask = 2147483647;
			files = (
			);
			runOnlyForDeploymentPostprocessing = 0;
		};
/* End PBXResourcesBuildPhase section */

/* Begin PBXSourcesBuildPhase section */
		E8A414E61AAAAE090022E8CC /* Sources */ = {
			isa = PBXSourcesBuildPhase;
			buildActionMask = 2147483647;
			files = (
				E80B39401AAC2153005E7C01 /* UIView+Toast.m in Sources */,
				E80B398D1AAC446D005E7C01 /* UIImage+WebP.m in Sources */,
				E8BE129F1AADBD1B0054FADD /* UserGalleryTableViewController.m in Sources */,
				E80B39551AAC24E1005E7C01 /* MZLoadingCircle.m in Sources */,
				E80B393F1AAC2153005E7C01 /* OLGhostAlertView.m in Sources */,
				E80B395C1AAC4438005E7C01 /* NZCircularImageView.m in Sources */,
				E8A414F61AAAAE090022E8CC /* ArabChat.xcdatamodeld in Sources */,
				E80B39361AAC2070005E7C01 /* MBProgressHUD.m in Sources */,
				E8C9E8541AB1906400C02BEB /* STBubbleTableViewCellDemoViewController.m in Sources */,
				E80B39871AAC446D005E7C01 /* SDWebImageDownloaderOperation.m in Sources */,
				E8A414F31AAAAE090022E8CC /* AppDelegate.m in Sources */,
				E8C9E8511AB18DE200C02BEB /* STBubbleTableViewCell.m in Sources */,
				E80B39831AAC446D005E7C01 /* SDImageCache.m in Sources */,
				E80B39581AAC3E77005E7C01 /* RegisterViewController.m in Sources */,
				E8FC98021AAF0A3A005D7B6F /* DatabaseController.m in Sources */,
				E80B393A1AAC20F6005E7C01 /* Reachability.m in Sources */,
				E8FC980B1AB0A5F4005D7B6F /* AGPushNoteView.m in Sources */,
				E8362F7B1AB31442008BAFF0 /* ChatThreadViewController.m in Sources */,
				E8C9E8571AB1908000C02BEB /* Message.m in Sources */,
				E8BE12921AAD6E310054FADD /* LandinPageTableViewController.m in Sources */,
				E8362F781AB31250008BAFF0 /* DAKeyboardControl.m in Sources */,
				E8A414F91AAAAE090022E8CC /* ViewController.m in Sources */,
				1EABF8FF1ABDAEDA00794CE3 /* SearchViewController.m in Sources */,
				E80B39841AAC446D005E7C01 /* SDWebImageCompat.m in Sources */,
				E8FC97F51AAEAC97005D7B6F /* MyProfileViewController.m in Sources */,
				E80B39821AAC446D005E7C01 /* NSData+ImageContentType.m in Sources */,
				E8FC97F21AADE99F005D7B6F /* BBBadgeBarButtonItem.m in Sources */,
				E8FC97FC1AAEF6A8005D7B6F /* ChatHistoryTableViewController.m in Sources */,
				E8A414F01AAAAE090022E8CC /* main.m in Sources */,
				E80B39881AAC446D005E7C01 /* SDWebImageManager.m in Sources */,
				E80B39861AAC446D005E7C01 /* SDWebImageDownloader.m in Sources */,
				1EABF8EA1ABC861900794CE3 /* AboutViewController.m in Sources */,
				E80B398F1AAC446D005E7C01 /* UIImageView+WebCache.m in Sources */,
				E80B398E1AAC446D005E7C01 /* UIImageView+HighlightedWebCache.m in Sources */,
				E80B39811AAC446D005E7C01 /* MKAnnotationView+WebCache.m in Sources */,
				E80B398B1AAC446D005E7C01 /* UIImage+GIF.m in Sources */,
				E80B39331AAC1589005E7C01 /* LoginScreenViewController.m in Sources */,
				E80B39891AAC446D005E7C01 /* SDWebImagePrefetcher.m in Sources */,
				E80B398A1AAC446D005E7C01 /* UIButton+WebCache.m in Sources */,
				E80B398C1AAC446D005E7C01 /* UIImage+MultiFormat.m in Sources */,
				E80B39851AAC446D005E7C01 /* SDWebImageDecoder.m in Sources */,
				E80B39901AAC446D005E7C01 /* UIView+WebCacheOperation.m in Sources */,
				E80B395F1AAC4451005E7C01 /* UIImageView+UIActivityIndicatorForSDWebImage.m in Sources */,
				E8BE129B1AADBCEA0054FADD /* AsyncImageView.m in Sources */,
				E8C9E8871AB1AFDB00C02BEB /* THChatInput.m in Sources */,
			);
			runOnlyForDeploymentPostprocessing = 0;
		};
		E8A415021AAAAE090022E8CC /* Sources */ = {
			isa = PBXSourcesBuildPhase;
			buildActionMask = 2147483647;
			files = (
				E8A4150D1AAAAE090022E8CC /* ArabChatTests.m in Sources */,
			);
			runOnlyForDeploymentPostprocessing = 0;
		};
/* End PBXSourcesBuildPhase section */

/* Begin PBXTargetDependency section */
		E8A415081AAAAE090022E8CC /* PBXTargetDependency */ = {
			isa = PBXTargetDependency;
			target = E8A414E91AAAAE090022E8CC /* ArabChat */;
			targetProxy = E8A415071AAAAE090022E8CC /* PBXContainerItemProxy */;
		};
/* End PBXTargetDependency section */

/* Begin PBXVariantGroup section */
		E8A414FA1AAAAE090022E8CC /* Main.storyboard */ = {
			isa = PBXVariantGroup;
			children = (
				E8A414FB1AAAAE090022E8CC /* Base */,
			);
			name = Main.storyboard;
			sourceTree = "<group>";
		};
		E8A414FF1AAAAE090022E8CC /* LaunchScreen.xib */ = {
			isa = PBXVariantGroup;
			children = (
				E8A415001AAAAE090022E8CC /* Base */,
			);
			name = LaunchScreen.xib;
			sourceTree = "<group>";
		};
/* End PBXVariantGroup section */

/* Begin XCBuildConfiguration section */
		E8A4150E1AAAAE090022E8CC /* Debug */ = {
			isa = XCBuildConfiguration;
			buildSettings = {
				ALWAYS_SEARCH_USER_PATHS = NO;
				CLANG_CXX_LANGUAGE_STANDARD = "gnu++0x";
				CLANG_CXX_LIBRARY = "libc++";
				CLANG_ENABLE_MODULES = YES;
				CLANG_ENABLE_OBJC_ARC = YES;
				CLANG_WARN_BOOL_CONVERSION = YES;
				CLANG_WARN_CONSTANT_CONVERSION = YES;
				CLANG_WARN_DIRECT_OBJC_ISA_USAGE = YES_ERROR;
				CLANG_WARN_EMPTY_BODY = YES;
				CLANG_WARN_ENUM_CONVERSION = YES;
				CLANG_WARN_INT_CONVERSION = YES;
				CLANG_WARN_OBJC_ROOT_CLASS = YES_ERROR;
				CLANG_WARN_UNREACHABLE_CODE = YES;
				CLANG_WARN__DUPLICATE_METHOD_MATCH = YES;
				CODE_SIGN_IDENTITY = "iPhone Developer: Firial Amra (WH86AE2T7S)";
				"CODE_SIGN_IDENTITY[sdk=iphoneos*]" = "iPhone Developer: Firial Amra (WH86AE2T7S)";
				COPY_PHASE_STRIP = NO;
				ENABLE_STRICT_OBJC_MSGSEND = YES;
				GCC_C_LANGUAGE_STANDARD = gnu99;
				GCC_DYNAMIC_NO_PIC = NO;
				GCC_OPTIMIZATION_LEVEL = 0;
				GCC_PREPROCESSOR_DEFINITIONS = (
					"DEBUG=1",
					"$(inherited)",
				);
				GCC_SYMBOLS_PRIVATE_EXTERN = NO;
				GCC_WARN_64_TO_32_BIT_CONVERSION = YES;
				GCC_WARN_ABOUT_RETURN_TYPE = YES_ERROR;
				GCC_WARN_UNDECLARED_SELECTOR = YES;
				GCC_WARN_UNINITIALIZED_AUTOS = YES_AGGRESSIVE;
				GCC_WARN_UNUSED_FUNCTION = YES;
				GCC_WARN_UNUSED_VARIABLE = YES;
				IPHONEOS_DEPLOYMENT_TARGET = 7.0;
				MTL_ENABLE_DEBUG_INFO = YES;
				ONLY_ACTIVE_ARCH = YES;
				PROVISIONING_PROFILE = "86b0ed05-804b-4303-9917-2450bcd3bc35";
				SDKROOT = iphoneos;
			};
			name = Debug;
		};
		E8A4150F1AAAAE090022E8CC /* Release */ = {
			isa = XCBuildConfiguration;
			buildSettings = {
				ALWAYS_SEARCH_USER_PATHS = NO;
				CLANG_CXX_LANGUAGE_STANDARD = "gnu++0x";
				CLANG_CXX_LIBRARY = "libc++";
				CLANG_ENABLE_MODULES = YES;
				CLANG_ENABLE_OBJC_ARC = YES;
				CLANG_WARN_BOOL_CONVERSION = YES;
				CLANG_WARN_CONSTANT_CONVERSION = YES;
				CLANG_WARN_DIRECT_OBJC_ISA_USAGE = YES_ERROR;
				CLANG_WARN_EMPTY_BODY = YES;
				CLANG_WARN_ENUM_CONVERSION = YES;
				CLANG_WARN_INT_CONVERSION = YES;
				CLANG_WARN_OBJC_ROOT_CLASS = YES_ERROR;
				CLANG_WARN_UNREACHABLE_CODE = YES;
				CLANG_WARN__DUPLICATE_METHOD_MATCH = YES;
				CODE_SIGN_IDENTITY = "iPhone Developer: Firial Amra (WH86AE2T7S)";
				"CODE_SIGN_IDENTITY[sdk=iphoneos*]" = "iPhone Developer: Firial Amra (WH86AE2T7S)";
				COPY_PHASE_STRIP = YES;
				ENABLE_NS_ASSERTIONS = NO;
				ENABLE_STRICT_OBJC_MSGSEND = YES;
				GCC_C_LANGUAGE_STANDARD = gnu99;
				GCC_WARN_64_TO_32_BIT_CONVERSION = YES;
				GCC_WARN_ABOUT_RETURN_TYPE = YES_ERROR;
				GCC_WARN_UNDECLARED_SELECTOR = YES;
				GCC_WARN_UNINITIALIZED_AUTOS = YES_AGGRESSIVE;
				GCC_WARN_UNUSED_FUNCTION = YES;
				GCC_WARN_UNUSED_VARIABLE = YES;
				IPHONEOS_DEPLOYMENT_TARGET = 7.0;
				MTL_ENABLE_DEBUG_INFO = NO;
				PROVISIONING_PROFILE = "86b0ed05-804b-4303-9917-2450bcd3bc35";
				SDKROOT = iphoneos;
				VALIDATE_PRODUCT = YES;
			};
			name = Release;
		};
		E8A415111AAAAE090022E8CC /* Debug */ = {
			isa = XCBuildConfiguration;
			buildSettings = {
				ASSETCATALOG_COMPILER_APPICON_NAME = AppIcon;
				CODE_SIGN_IDENTITY = "iPhone Developer: Firial Amra (WH86AE2T7S)";
				"CODE_SIGN_IDENTITY[sdk=iphoneos*]" = "iPhone Developer: Firial Amra (WH86AE2T7S)";
				INFOPLIST_FILE = ArabChat/Info.plist;
				IPHONEOS_DEPLOYMENT_TARGET = 7.0;
				LD_RUNPATH_SEARCH_PATHS = "$(inherited) @executable_path/Frameworks";
				PRODUCT_NAME = "$(TARGET_NAME)";
				PROVISIONING_PROFILE = "86b0ed05-804b-4303-9917-2450bcd3bc35";
			};
			name = Debug;
		};
		E8A415121AAAAE090022E8CC /* Release */ = {
			isa = XCBuildConfiguration;
			buildSettings = {
				ASSETCATALOG_COMPILER_APPICON_NAME = AppIcon;
				CODE_SIGN_IDENTITY = "iPhone Developer: Firial Amra (WH86AE2T7S)";
				"CODE_SIGN_IDENTITY[sdk=iphoneos*]" = "iPhone Developer: Firial Amra (WH86AE2T7S)";
				INFOPLIST_FILE = ArabChat/Info.plist;
				IPHONEOS_DEPLOYMENT_TARGET = 7.0;
				LD_RUNPATH_SEARCH_PATHS = "$(inherited) @executable_path/Frameworks";
				PRODUCT_NAME = "$(TARGET_NAME)";
				PROVISIONING_PROFILE = "86b0ed05-804b-4303-9917-2450bcd3bc35";
			};
			name = Release;
		};
		E8A415141AAAAE090022E8CC /* Debug */ = {
			isa = XCBuildConfiguration;
			buildSettings = {
				CODE_SIGN_IDENTITY = "iPhone Developer: Firial Amra (WH86AE2T7S)";
				"CODE_SIGN_IDENTITY[sdk=iphoneos*]" = "iPhone Developer: Firial Amra (WH86AE2T7S)";
				FRAMEWORK_SEARCH_PATHS = (
					"$(SDKROOT)/Developer/Library/Frameworks",
					"$(inherited)",
				);
				GCC_PREPROCESSOR_DEFINITIONS = (
					"DEBUG=1",
					"$(inherited)",
				);
				INFOPLIST_FILE = ArabChatTests/Info.plist;
				LD_RUNPATH_SEARCH_PATHS = "$(inherited) @executable_path/Frameworks @loader_path/Frameworks";
				PRODUCT_NAME = "$(TARGET_NAME)";
				PROVISIONING_PROFILE = "86b0ed05-804b-4303-9917-2450bcd3bc35";
			};
			name = Debug;
		};
		E8A415151AAAAE090022E8CC /* Release */ = {
			isa = XCBuildConfiguration;
			buildSettings = {
				CODE_SIGN_IDENTITY = "iPhone Developer: Firial Amra (WH86AE2T7S)";
				"CODE_SIGN_IDENTITY[sdk=iphoneos*]" = "iPhone Developer: Firial Amra (WH86AE2T7S)";
				FRAMEWORK_SEARCH_PATHS = (
					"$(SDKROOT)/Developer/Library/Frameworks",
					"$(inherited)",
				);
				INFOPLIST_FILE = ArabChatTests/Info.plist;
				LD_RUNPATH_SEARCH_PATHS = "$(inherited) @executable_path/Frameworks @loader_path/Frameworks";
				PRODUCT_NAME = "$(TARGET_NAME)";
				PROVISIONING_PROFILE = "86b0ed05-804b-4303-9917-2450bcd3bc35";
			};
			name = Release;
		};
/* End XCBuildConfiguration section */

/* Begin XCConfigurationList section */
		E8A414E51AAAAE090022E8CC /* Build configuration list for PBXProject "ArabChat" */ = {
			isa = XCConfigurationList;
			buildConfigurations = (
				E8A4150E1AAAAE090022E8CC /* Debug */,
				E8A4150F1AAAAE090022E8CC /* Release */,
			);
			defaultConfigurationIsVisible = 0;
			defaultConfigurationName = Release;
		};
		E8A415101AAAAE090022E8CC /* Build configuration list for PBXNativeTarget "ArabChat" */ = {
			isa = XCConfigurationList;
			buildConfigurations = (
				E8A415111AAAAE090022E8CC /* Debug */,
				E8A415121AAAAE090022E8CC /* Release */,
			);
			defaultConfigurationIsVisible = 0;
			defaultConfigurationName = Release;
		};
		E8A415131AAAAE090022E8CC /* Build configuration list for PBXNativeTarget "ArabChatTests" */ = {
			isa = XCConfigurationList;
			buildConfigurations = (
				E8A415141AAAAE090022E8CC /* Debug */,
				E8A415151AAAAE090022E8CC /* Release */,
			);
			defaultConfigurationIsVisible = 0;
			defaultConfigurationName = Release;
		};
/* End XCConfigurationList section */

/* Begin XCVersionGroup section */
		E8A414F41AAAAE090022E8CC /* ArabChat.xcdatamodeld */ = {
			isa = XCVersionGroup;
			children = (
				E8A414F51AAAAE090022E8CC /* ArabChat.xcdatamodel */,
			);
			currentVersion = E8A414F51AAAAE090022E8CC /* ArabChat.xcdatamodel */;
			path = ArabChat.xcdatamodeld;
			sourceTree = "<group>";
			versionGroupType = wrapper.xcdatamodel;
		};
/* End XCVersionGroup section */
	};
	rootObject = E8A414E21AAAAE090022E8CC /* Project object */;
}
